// !$*UTF8*$!
{
	archiveVersion = 1;
	classes = {
	};
	objectVersion = 56;
	objects = {

/* Begin PBXBuildFile section */
		DE2A18FF2B43D27300194ADA /* AppDelegate.swift in Sources */ = {isa = PBXBuildFile; fileRef = DE2A18FE2B43D27300194ADA /* AppDelegate.swift */; };
		DE2A19012B43D27300194ADA /* SceneDelegate.swift in Sources */ = {isa = PBXBuildFile; fileRef = DE2A19002B43D27300194ADA /* SceneDelegate.swift */; };
		DE2A19082B43D27400194ADA /* Assets.xcassets in Resources */ = {isa = PBXBuildFile; fileRef = DE2A19072B43D27400194ADA /* Assets.xcassets */; };
		DE2A190B2B43D27400194ADA /* LaunchScreen.storyboard in Resources */ = {isa = PBXBuildFile; fileRef = DE2A19092B43D27400194ADA /* LaunchScreen.storyboard */; };
		DE2A19162B43D27400194ADA /* BlinkTests.swift in Sources */ = {isa = PBXBuildFile; fileRef = DE2A19152B43D27400194ADA /* BlinkTests.swift */; };
		DE2A19202B43D27400194ADA /* BlinkUITests.swift in Sources */ = {isa = PBXBuildFile; fileRef = DE2A191F2B43D27400194ADA /* BlinkUITests.swift */; };
		DE2A19222B43D27400194ADA /* BlinkUITestsLaunchTests.swift in Sources */ = {isa = PBXBuildFile; fileRef = DE2A19212B43D27400194ADA /* BlinkUITestsLaunchTests.swift */; };
		DE2A19382B43E8C500194ADA /* FontScale.swift in Sources */ = {isa = PBXBuildFile; fileRef = DE2A19372B43E8C500194ADA /* FontScale.swift */; };
		DE2A193C2B43F35800194ADA /* UILabel+Extension.swift in Sources */ = {isa = PBXBuildFile; fileRef = DE2A193B2B43F35800194ADA /* UILabel+Extension.swift */; };
		DE2A193F2B43F63800194ADA /* LabelBuilder.swift in Sources */ = {isa = PBXBuildFile; fileRef = DE2A193E2B43F63800194ADA /* LabelBuilder.swift */; };
		DE2A19412B43F70F00194ADA /* UIFont+Extension.swift in Sources */ = {isa = PBXBuildFile; fileRef = DE2A19402B43F70F00194ADA /* UIFont+Extension.swift */; };
		DE2A19442B44125500194ADA /* OnboardingViewController.swift in Sources */ = {isa = PBXBuildFile; fileRef = DE2A19432B44125500194ADA /* OnboardingViewController.swift */; };
		DE2A19462B44229B00194ADA /* BaseViewController.swift in Sources */ = {isa = PBXBuildFile; fileRef = DE2A19452B44229B00194ADA /* BaseViewController.swift */; };
		DE2A19492B44237A00194ADA /* SnapKit in Frameworks */ = {isa = PBXBuildFile; productRef = DE2A19482B44237A00194ADA /* SnapKit */; };
		DE2A194C2B442B0E00194ADA /* RoundedButton.swift in Sources */ = {isa = PBXBuildFile; fileRef = DE2A194B2B442B0E00194ADA /* RoundedButton.swift */; };
		DE42794D2B4537F2005DC4A7 /* ButtonBuilder.swift in Sources */ = {isa = PBXBuildFile; fileRef = DE42794C2B4537F2005DC4A7 /* ButtonBuilder.swift */; };
		DE8C27492B45412A00141F5F /* AuthViewController.swift in Sources */ = {isa = PBXBuildFile; fileRef = DE8C27482B45412A00141F5F /* AuthViewController.swift */; };
		DE8C274C2B454E4F00141F5F /* RxCocoa in Frameworks */ = {isa = PBXBuildFile; productRef = DE8C274B2B454E4F00141F5F /* RxCocoa */; };
		DE8C274E2B454E4F00141F5F /* RxSwift in Frameworks */ = {isa = PBXBuildFile; productRef = DE8C274D2B454E4F00141F5F /* RxSwift */; };
		DE8C27522B45626800141F5F /* SignUpViewController.swift in Sources */ = {isa = PBXBuildFile; fileRef = DE8C27512B45626800141F5F /* SignUpViewController.swift */; };
		DE8C27542B45666F00141F5F /* SignUpLabel.swift in Sources */ = {isa = PBXBuildFile; fileRef = DE8C27532B45666F00141F5F /* SignUpLabel.swift */; };
		DE8C27582B45670C00141F5F /* SignUpTextfield.swift in Sources */ = {isa = PBXBuildFile; fileRef = DE8C27572B45670C00141F5F /* SignUpTextfield.swift */; };
		DE8C275A2B4670E300141F5F /* ViewModelType.swift in Sources */ = {isa = PBXBuildFile; fileRef = DE8C27592B4670E300141F5F /* ViewModelType.swift */; };
		DE8C275C2B46711C00141F5F /* SignUpViewModel.swift in Sources */ = {isa = PBXBuildFile; fileRef = DE8C275B2B46711C00141F5F /* SignUpViewModel.swift */; };
		DE8C275F2B4688CC00141F5F /* Toast in Frameworks */ = {isa = PBXBuildFile; productRef = DE8C275E2B4688CC00141F5F /* Toast */; };
		DE8C27622B46A41500141F5F /* Alamofire in Frameworks */ = {isa = PBXBuildFile; productRef = DE8C27612B46A41500141F5F /* Alamofire */; };
		DE8C27652B46A4E500141F5F /* .gitignore in Resources */ = {isa = PBXBuildFile; fileRef = DE8C27642B46A4E500141F5F /* .gitignore */; };
		DE8C27672B46A59100141F5F /* APIKey.swift in Sources */ = {isa = PBXBuildFile; fileRef = DE8C27662B46A59100141F5F /* APIKey.swift */; };
/* End PBXBuildFile section */

/* Begin PBXContainerItemProxy section */
		DE2A19122B43D27400194ADA /* PBXContainerItemProxy */ = {
			isa = PBXContainerItemProxy;
			containerPortal = DE2A18F32B43D27300194ADA /* Project object */;
			proxyType = 1;
			remoteGlobalIDString = DE2A18FA2B43D27300194ADA;
			remoteInfo = Blink;
		};
		DE2A191C2B43D27400194ADA /* PBXContainerItemProxy */ = {
			isa = PBXContainerItemProxy;
			containerPortal = DE2A18F32B43D27300194ADA /* Project object */;
			proxyType = 1;
			remoteGlobalIDString = DE2A18FA2B43D27300194ADA;
			remoteInfo = Blink;
		};
/* End PBXContainerItemProxy section */

/* Begin PBXFileReference section */
		DE2A18FB2B43D27300194ADA /* Blink.app */ = {isa = PBXFileReference; explicitFileType = wrapper.application; includeInIndex = 0; path = Blink.app; sourceTree = BUILT_PRODUCTS_DIR; };
		DE2A18FE2B43D27300194ADA /* AppDelegate.swift */ = {isa = PBXFileReference; lastKnownFileType = sourcecode.swift; path = AppDelegate.swift; sourceTree = "<group>"; };
		DE2A19002B43D27300194ADA /* SceneDelegate.swift */ = {isa = PBXFileReference; lastKnownFileType = sourcecode.swift; path = SceneDelegate.swift; sourceTree = "<group>"; };
		DE2A19072B43D27400194ADA /* Assets.xcassets */ = {isa = PBXFileReference; lastKnownFileType = folder.assetcatalog; path = Assets.xcassets; sourceTree = "<group>"; };
		DE2A190A2B43D27400194ADA /* Base */ = {isa = PBXFileReference; lastKnownFileType = file.storyboard; name = Base; path = Base.lproj/LaunchScreen.storyboard; sourceTree = "<group>"; };
		DE2A190C2B43D27400194ADA /* Info.plist */ = {isa = PBXFileReference; lastKnownFileType = text.plist.xml; path = Info.plist; sourceTree = "<group>"; };
		DE2A19112B43D27400194ADA /* BlinkTests.xctest */ = {isa = PBXFileReference; explicitFileType = wrapper.cfbundle; includeInIndex = 0; path = BlinkTests.xctest; sourceTree = BUILT_PRODUCTS_DIR; };
		DE2A19152B43D27400194ADA /* BlinkTests.swift */ = {isa = PBXFileReference; lastKnownFileType = sourcecode.swift; path = BlinkTests.swift; sourceTree = "<group>"; };
		DE2A191B2B43D27400194ADA /* BlinkUITests.xctest */ = {isa = PBXFileReference; explicitFileType = wrapper.cfbundle; includeInIndex = 0; path = BlinkUITests.xctest; sourceTree = BUILT_PRODUCTS_DIR; };
		DE2A191F2B43D27400194ADA /* BlinkUITests.swift */ = {isa = PBXFileReference; lastKnownFileType = sourcecode.swift; path = BlinkUITests.swift; sourceTree = "<group>"; };
		DE2A19212B43D27400194ADA /* BlinkUITestsLaunchTests.swift */ = {isa = PBXFileReference; lastKnownFileType = sourcecode.swift; path = BlinkUITestsLaunchTests.swift; sourceTree = "<group>"; };
		DE2A19372B43E8C500194ADA /* FontScale.swift */ = {isa = PBXFileReference; lastKnownFileType = sourcecode.swift; path = FontScale.swift; sourceTree = "<group>"; };
		DE2A193B2B43F35800194ADA /* UILabel+Extension.swift */ = {isa = PBXFileReference; lastKnownFileType = sourcecode.swift; path = "UILabel+Extension.swift"; sourceTree = "<group>"; };
		DE2A193E2B43F63800194ADA /* LabelBuilder.swift */ = {isa = PBXFileReference; lastKnownFileType = sourcecode.swift; path = LabelBuilder.swift; sourceTree = "<group>"; };
		DE2A19402B43F70F00194ADA /* UIFont+Extension.swift */ = {isa = PBXFileReference; lastKnownFileType = sourcecode.swift; path = "UIFont+Extension.swift"; sourceTree = "<group>"; };
		DE2A19432B44125500194ADA /* OnboardingViewController.swift */ = {isa = PBXFileReference; lastKnownFileType = sourcecode.swift; path = OnboardingViewController.swift; sourceTree = "<group>"; };
		DE2A19452B44229B00194ADA /* BaseViewController.swift */ = {isa = PBXFileReference; lastKnownFileType = sourcecode.swift; path = BaseViewController.swift; sourceTree = "<group>"; };
		DE2A194B2B442B0E00194ADA /* RoundedButton.swift */ = {isa = PBXFileReference; lastKnownFileType = sourcecode.swift; path = RoundedButton.swift; sourceTree = "<group>"; };
		DE42794C2B4537F2005DC4A7 /* ButtonBuilder.swift */ = {isa = PBXFileReference; lastKnownFileType = sourcecode.swift; path = ButtonBuilder.swift; sourceTree = "<group>"; };
		DE8C27482B45412A00141F5F /* AuthViewController.swift */ = {isa = PBXFileReference; lastKnownFileType = sourcecode.swift; path = AuthViewController.swift; sourceTree = "<group>"; };
		DE8C27512B45626800141F5F /* SignUpViewController.swift */ = {isa = PBXFileReference; lastKnownFileType = sourcecode.swift; path = SignUpViewController.swift; sourceTree = "<group>"; };
		DE8C27532B45666F00141F5F /* SignUpLabel.swift */ = {isa = PBXFileReference; lastKnownFileType = sourcecode.swift; path = SignUpLabel.swift; sourceTree = "<group>"; };
		DE8C27572B45670C00141F5F /* SignUpTextfield.swift */ = {isa = PBXFileReference; lastKnownFileType = sourcecode.swift; path = SignUpTextfield.swift; sourceTree = "<group>"; };
		DE8C27592B4670E300141F5F /* ViewModelType.swift */ = {isa = PBXFileReference; lastKnownFileType = sourcecode.swift; path = ViewModelType.swift; sourceTree = "<group>"; };
		DE8C275B2B46711C00141F5F /* SignUpViewModel.swift */ = {isa = PBXFileReference; lastKnownFileType = sourcecode.swift; path = SignUpViewModel.swift; sourceTree = "<group>"; };
		DE8C27642B46A4E500141F5F /* .gitignore */ = {isa = PBXFileReference; lastKnownFileType = text; path = .gitignore; sourceTree = "<group>"; };
		DE8C27662B46A59100141F5F /* APIKey.swift */ = {isa = PBXFileReference; lastKnownFileType = sourcecode.swift; path = APIKey.swift; sourceTree = "<group>"; };
/* End PBXFileReference section */

/* Begin PBXFrameworksBuildPhase section */
		DE2A18F82B43D27300194ADA /* Frameworks */ = {
			isa = PBXFrameworksBuildPhase;
			buildActionMask = 2147483647;
			files = (
				DE8C27622B46A41500141F5F /* Alamofire in Frameworks */,
				DE8C275F2B4688CC00141F5F /* Toast in Frameworks */,
				DE8C274E2B454E4F00141F5F /* RxSwift in Frameworks */,
				DE8C274C2B454E4F00141F5F /* RxCocoa in Frameworks */,
				DE2A19492B44237A00194ADA /* SnapKit in Frameworks */,
			);
			runOnlyForDeploymentPostprocessing = 0;
		};
		DE2A190E2B43D27400194ADA /* Frameworks */ = {
			isa = PBXFrameworksBuildPhase;
			buildActionMask = 2147483647;
			files = (
			);
			runOnlyForDeploymentPostprocessing = 0;
		};
		DE2A19182B43D27400194ADA /* Frameworks */ = {
			isa = PBXFrameworksBuildPhase;
			buildActionMask = 2147483647;
			files = (
			);
			runOnlyForDeploymentPostprocessing = 0;
		};
/* End PBXFrameworksBuildPhase section */

/* Begin PBXGroup section */
		DE2A18F22B43D27300194ADA = {
			isa = PBXGroup;
			children = (
				DE2A18FD2B43D27300194ADA /* Blink */,
				DE2A19142B43D27400194ADA /* BlinkTests */,
				DE2A191E2B43D27400194ADA /* BlinkUITests */,
				DE2A18FC2B43D27300194ADA /* Products */,
			);
			sourceTree = "<group>";
		};
		DE2A18FC2B43D27300194ADA /* Products */ = {
			isa = PBXGroup;
			children = (
				DE2A18FB2B43D27300194ADA /* Blink.app */,
				DE2A19112B43D27400194ADA /* BlinkTests.xctest */,
				DE2A191B2B43D27400194ADA /* BlinkUITests.xctest */,
			);
			name = Products;
			sourceTree = "<group>";
		};
		DE2A18FD2B43D27300194ADA /* Blink */ = {
			isa = PBXGroup;
			children = (
				DE2A18FE2B43D27300194ADA /* AppDelegate.swift */,
				DE2A19002B43D27300194ADA /* SceneDelegate.swift */,
				DE2A19072B43D27400194ADA /* Assets.xcassets */,
				DE2A19362B43E20000194ADA /* Utility */,
				DE2A19352B43E1EF00194ADA /* Extension */,
				DE2A19342B43E1E700194ADA /* Model */,
				DE2A19332B43E1AE00194ADA /* Network */,
				DE2A193D2B43F62700194ADA /* Builder */,
				DE2A194A2B4429E400194ADA /* Component */,
				DE2A19312B43E19C00194ADA /* View */,
				DE2A19092B43D27400194ADA /* LaunchScreen.storyboard */,
				DE2A190C2B43D27400194ADA /* Info.plist */,
				DE8C27642B46A4E500141F5F /* .gitignore */,
			);
			path = Blink;
			sourceTree = "<group>";
		};
		DE2A19142B43D27400194ADA /* BlinkTests */ = {
			isa = PBXGroup;
			children = (
				DE2A19152B43D27400194ADA /* BlinkTests.swift */,
			);
			path = BlinkTests;
			sourceTree = "<group>";
		};
		DE2A191E2B43D27400194ADA /* BlinkUITests */ = {
			isa = PBXGroup;
			children = (
				DE2A191F2B43D27400194ADA /* BlinkUITests.swift */,
				DE2A19212B43D27400194ADA /* BlinkUITestsLaunchTests.swift */,
			);
			path = BlinkUITests;
			sourceTree = "<group>";
		};
		DE2A19312B43E19C00194ADA /* View */ = {
			isa = PBXGroup;
			children = (
				DE2A19422B4411C900194ADA /* Onboarding */,
				DE8C27472B4540DC00141F5F /* Auth */,
				DE8C274F2B45624000141F5F /* SignUp */,
				DE2A19452B44229B00194ADA /* BaseViewController.swift */,
				DE8C27592B4670E300141F5F /* ViewModelType.swift */,
			);
			path = View;
			sourceTree = "<group>";
		};
		DE2A19332B43E1AE00194ADA /* Network */ = {
			isa = PBXGroup;
			children = (
				DE8C27662B46A59100141F5F /* APIKey.swift */,
			);
			path = Network;
			sourceTree = "<group>";
		};
		DE2A19342B43E1E700194ADA /* Model */ = {
			isa = PBXGroup;
			children = (
			);
			path = Model;
			sourceTree = "<group>";
		};
		DE2A19352B43E1EF00194ADA /* Extension */ = {
			isa = PBXGroup;
			children = (
				DE2A193B2B43F35800194ADA /* UILabel+Extension.swift */,
				DE2A19402B43F70F00194ADA /* UIFont+Extension.swift */,
			);
			path = Extension;
			sourceTree = "<group>";
		};
		DE2A19362B43E20000194ADA /* Utility */ = {
			isa = PBXGroup;
			children = (
				DE2A19372B43E8C500194ADA /* FontScale.swift */,
			);
			path = Utility;
			sourceTree = "<group>";
		};
		DE2A193D2B43F62700194ADA /* Builder */ = {
			isa = PBXGroup;
			children = (
				DE2A193E2B43F63800194ADA /* LabelBuilder.swift */,
				DE42794C2B4537F2005DC4A7 /* ButtonBuilder.swift */,
			);
			path = Builder;
			sourceTree = "<group>";
		};
		DE2A19422B4411C900194ADA /* Onboarding */ = {
			isa = PBXGroup;
			children = (
				DE2A19432B44125500194ADA /* OnboardingViewController.swift */,
			);
			path = Onboarding;
			sourceTree = "<group>";
		};
		DE2A194A2B4429E400194ADA /* Component */ = {
			isa = PBXGroup;
			children = (
				DE2A194B2B442B0E00194ADA /* RoundedButton.swift */,
				DE8C27532B45666F00141F5F /* SignUpLabel.swift */,
				DE8C27572B45670C00141F5F /* SignUpTextfield.swift */,
			);
			path = Component;
			sourceTree = "<group>";
		};
		DE8C27472B4540DC00141F5F /* Auth */ = {
			isa = PBXGroup;
			children = (
				DE8C27482B45412A00141F5F /* AuthViewController.swift */,
			);
			path = Auth;
			sourceTree = "<group>";
		};
		DE8C274F2B45624000141F5F /* SignUp */ = {
			isa = PBXGroup;
			children = (
				DE8C27512B45626800141F5F /* SignUpViewController.swift */,
				DE8C275B2B46711C00141F5F /* SignUpViewModel.swift */,
			);
			path = SignUp;
			sourceTree = "<group>";
		};
/* End PBXGroup section */

/* Begin PBXNativeTarget section */
		DE2A18FA2B43D27300194ADA /* Blink */ = {
			isa = PBXNativeTarget;
			buildConfigurationList = DE2A19252B43D27400194ADA /* Build configuration list for PBXNativeTarget "Blink" */;
			buildPhases = (
				DE2A18F72B43D27300194ADA /* Sources */,
				DE2A18F82B43D27300194ADA /* Frameworks */,
				DE2A18F92B43D27300194ADA /* Resources */,
			);
			buildRules = (
			);
			dependencies = (
			);
			name = Blink;
			packageProductDependencies = (
				DE2A19482B44237A00194ADA /* SnapKit */,
				DE8C274B2B454E4F00141F5F /* RxCocoa */,
				DE8C274D2B454E4F00141F5F /* RxSwift */,
				DE8C275E2B4688CC00141F5F /* Toast */,
				DE8C27612B46A41500141F5F /* Alamofire */,
			);
			productName = Blink;
			productReference = DE2A18FB2B43D27300194ADA /* Blink.app */;
			productType = "com.apple.product-type.application";
		};
		DE2A19102B43D27400194ADA /* BlinkTests */ = {
			isa = PBXNativeTarget;
			buildConfigurationList = DE2A19282B43D27400194ADA /* Build configuration list for PBXNativeTarget "BlinkTests" */;
			buildPhases = (
				DE2A190D2B43D27400194ADA /* Sources */,
				DE2A190E2B43D27400194ADA /* Frameworks */,
				DE2A190F2B43D27400194ADA /* Resources */,
			);
			buildRules = (
			);
			dependencies = (
				DE2A19132B43D27400194ADA /* PBXTargetDependency */,
			);
			name = BlinkTests;
			productName = BlinkTests;
			productReference = DE2A19112B43D27400194ADA /* BlinkTests.xctest */;
			productType = "com.apple.product-type.bundle.unit-test";
		};
		DE2A191A2B43D27400194ADA /* BlinkUITests */ = {
			isa = PBXNativeTarget;
			buildConfigurationList = DE2A192B2B43D27400194ADA /* Build configuration list for PBXNativeTarget "BlinkUITests" */;
			buildPhases = (
				DE2A19172B43D27400194ADA /* Sources */,
				DE2A19182B43D27400194ADA /* Frameworks */,
				DE2A19192B43D27400194ADA /* Resources */,
			);
			buildRules = (
			);
			dependencies = (
				DE2A191D2B43D27400194ADA /* PBXTargetDependency */,
			);
			name = BlinkUITests;
			productName = BlinkUITests;
			productReference = DE2A191B2B43D27400194ADA /* BlinkUITests.xctest */;
			productType = "com.apple.product-type.bundle.ui-testing";
		};
/* End PBXNativeTarget section */

/* Begin PBXProject section */
		DE2A18F32B43D27300194ADA /* Project object */ = {
			isa = PBXProject;
			attributes = {
				BuildIndependentTargetsInParallel = 1;
				LastSwiftUpdateCheck = 1510;
				LastUpgradeCheck = 1510;
				TargetAttributes = {
					DE2A18FA2B43D27300194ADA = {
						CreatedOnToolsVersion = 15.1;
					};
					DE2A19102B43D27400194ADA = {
						CreatedOnToolsVersion = 15.1;
						TestTargetID = DE2A18FA2B43D27300194ADA;
					};
					DE2A191A2B43D27400194ADA = {
						CreatedOnToolsVersion = 15.1;
						TestTargetID = DE2A18FA2B43D27300194ADA;
					};
				};
			};
			buildConfigurationList = DE2A18F62B43D27300194ADA /* Build configuration list for PBXProject "Blink" */;
			compatibilityVersion = "Xcode 14.0";
			developmentRegion = en;
			hasScannedForEncodings = 0;
			knownRegions = (
				en,
				Base,
			);
			mainGroup = DE2A18F22B43D27300194ADA;
			packageReferences = (
				DE2A19472B44237A00194ADA /* XCRemoteSwiftPackageReference "SnapKit" */,
				DE8C274A2B454E4F00141F5F /* XCRemoteSwiftPackageReference "RxSwift" */,
				DE8C275D2B4688CC00141F5F /* XCRemoteSwiftPackageReference "Toast-Swift" */,
				DE8C27602B46A41500141F5F /* XCRemoteSwiftPackageReference "Alamofire" */,
			);
			productRefGroup = DE2A18FC2B43D27300194ADA /* Products */;
			projectDirPath = "";
			projectRoot = "";
			targets = (
				DE2A18FA2B43D27300194ADA /* Blink */,
				DE2A19102B43D27400194ADA /* BlinkTests */,
				DE2A191A2B43D27400194ADA /* BlinkUITests */,
			);
		};
/* End PBXProject section */

/* Begin PBXResourcesBuildPhase section */
		DE2A18F92B43D27300194ADA /* Resources */ = {
			isa = PBXResourcesBuildPhase;
			buildActionMask = 2147483647;
			files = (
				DE2A190B2B43D27400194ADA /* LaunchScreen.storyboard in Resources */,
				DE8C27652B46A4E500141F5F /* .gitignore in Resources */,
				DE2A19082B43D27400194ADA /* Assets.xcassets in Resources */,
			);
			runOnlyForDeploymentPostprocessing = 0;
		};
		DE2A190F2B43D27400194ADA /* Resources */ = {
			isa = PBXResourcesBuildPhase;
			buildActionMask = 2147483647;
			files = (
			);
			runOnlyForDeploymentPostprocessing = 0;
		};
		DE2A19192B43D27400194ADA /* Resources */ = {
			isa = PBXResourcesBuildPhase;
			buildActionMask = 2147483647;
			files = (
			);
			runOnlyForDeploymentPostprocessing = 0;
		};
/* End PBXResourcesBuildPhase section */

/* Begin PBXSourcesBuildPhase section */
		DE2A18F72B43D27300194ADA /* Sources */ = {
			isa = PBXSourcesBuildPhase;
			buildActionMask = 2147483647;
			files = (
				DE8C27492B45412A00141F5F /* AuthViewController.swift in Sources */,
				DE2A19412B43F70F00194ADA /* UIFont+Extension.swift in Sources */,
				DE8C275C2B46711C00141F5F /* SignUpViewModel.swift in Sources */,
				DE8C27542B45666F00141F5F /* SignUpLabel.swift in Sources */,
				DE2A18FF2B43D27300194ADA /* AppDelegate.swift in Sources */,
				DE2A19012B43D27300194ADA /* SceneDelegate.swift in Sources */,
				DE2A193C2B43F35800194ADA /* UILabel+Extension.swift in Sources */,
				DE2A194C2B442B0E00194ADA /* RoundedButton.swift in Sources */,
				DE8C27522B45626800141F5F /* SignUpViewController.swift in Sources */,
				DE8C275A2B4670E300141F5F /* ViewModelType.swift in Sources */,
				DE2A19442B44125500194ADA /* OnboardingViewController.swift in Sources */,
				DE8C27582B45670C00141F5F /* SignUpTextfield.swift in Sources */,
				DE2A19462B44229B00194ADA /* BaseViewController.swift in Sources */,
				DE42794D2B4537F2005DC4A7 /* ButtonBuilder.swift in Sources */,
				DE2A193F2B43F63800194ADA /* LabelBuilder.swift in Sources */,
				DE2A19382B43E8C500194ADA /* FontScale.swift in Sources */,
				DE8C27672B46A59100141F5F /* APIKey.swift in Sources */,
			);
			runOnlyForDeploymentPostprocessing = 0;
		};
		DE2A190D2B43D27400194ADA /* Sources */ = {
			isa = PBXSourcesBuildPhase;
			buildActionMask = 2147483647;
			files = (
				DE2A19162B43D27400194ADA /* BlinkTests.swift in Sources */,
			);
			runOnlyForDeploymentPostprocessing = 0;
		};
		DE2A19172B43D27400194ADA /* Sources */ = {
			isa = PBXSourcesBuildPhase;
			buildActionMask = 2147483647;
			files = (
				DE2A19202B43D27400194ADA /* BlinkUITests.swift in Sources */,
				DE2A19222B43D27400194ADA /* BlinkUITestsLaunchTests.swift in Sources */,
			);
			runOnlyForDeploymentPostprocessing = 0;
		};
/* End PBXSourcesBuildPhase section */

/* Begin PBXTargetDependency section */
		DE2A19132B43D27400194ADA /* PBXTargetDependency */ = {
			isa = PBXTargetDependency;
			target = DE2A18FA2B43D27300194ADA /* Blink */;
			targetProxy = DE2A19122B43D27400194ADA /* PBXContainerItemProxy */;
		};
		DE2A191D2B43D27400194ADA /* PBXTargetDependency */ = {
			isa = PBXTargetDependency;
			target = DE2A18FA2B43D27300194ADA /* Blink */;
			targetProxy = DE2A191C2B43D27400194ADA /* PBXContainerItemProxy */;
		};
/* End PBXTargetDependency section */

/* Begin PBXVariantGroup section */
		DE2A19092B43D27400194ADA /* LaunchScreen.storyboard */ = {
			isa = PBXVariantGroup;
			children = (
				DE2A190A2B43D27400194ADA /* Base */,
			);
			name = LaunchScreen.storyboard;
			sourceTree = "<group>";
		};
/* End PBXVariantGroup section */

/* Begin XCBuildConfiguration section */
		DE2A19232B43D27400194ADA /* Debug */ = {
			isa = XCBuildConfiguration;
			buildSettings = {
				ALWAYS_SEARCH_USER_PATHS = NO;
				ASSETCATALOG_COMPILER_GENERATE_SWIFT_ASSET_SYMBOL_EXTENSIONS = YES;
				CLANG_ANALYZER_NONNULL = YES;
				CLANG_ANALYZER_NUMBER_OBJECT_CONVERSION = YES_AGGRESSIVE;
				CLANG_CXX_LANGUAGE_STANDARD = "gnu++20";
				CLANG_ENABLE_MODULES = YES;
				CLANG_ENABLE_OBJC_ARC = YES;
				CLANG_ENABLE_OBJC_WEAK = YES;
				CLANG_WARN_BLOCK_CAPTURE_AUTORELEASING = YES;
				CLANG_WARN_BOOL_CONVERSION = YES;
				CLANG_WARN_COMMA = YES;
				CLANG_WARN_CONSTANT_CONVERSION = YES;
				CLANG_WARN_DEPRECATED_OBJC_IMPLEMENTATIONS = YES;
				CLANG_WARN_DIRECT_OBJC_ISA_USAGE = YES_ERROR;
				CLANG_WARN_DOCUMENTATION_COMMENTS = YES;
				CLANG_WARN_EMPTY_BODY = YES;
				CLANG_WARN_ENUM_CONVERSION = YES;
				CLANG_WARN_INFINITE_RECURSION = YES;
				CLANG_WARN_INT_CONVERSION = YES;
				CLANG_WARN_NON_LITERAL_NULL_CONVERSION = YES;
				CLANG_WARN_OBJC_IMPLICIT_RETAIN_SELF = YES;
				CLANG_WARN_OBJC_LITERAL_CONVERSION = YES;
				CLANG_WARN_OBJC_ROOT_CLASS = YES_ERROR;
				CLANG_WARN_QUOTED_INCLUDE_IN_FRAMEWORK_HEADER = YES;
				CLANG_WARN_RANGE_LOOP_ANALYSIS = YES;
				CLANG_WARN_STRICT_PROTOTYPES = YES;
				CLANG_WARN_SUSPICIOUS_MOVE = YES;
				CLANG_WARN_UNGUARDED_AVAILABILITY = YES_AGGRESSIVE;
				CLANG_WARN_UNREACHABLE_CODE = YES;
				CLANG_WARN__DUPLICATE_METHOD_MATCH = YES;
				COPY_PHASE_STRIP = NO;
				DEBUG_INFORMATION_FORMAT = dwarf;
				ENABLE_STRICT_OBJC_MSGSEND = YES;
				ENABLE_TESTABILITY = YES;
				ENABLE_USER_SCRIPT_SANDBOXING = YES;
				GCC_C_LANGUAGE_STANDARD = gnu17;
				GCC_DYNAMIC_NO_PIC = NO;
				GCC_NO_COMMON_BLOCKS = YES;
				GCC_OPTIMIZATION_LEVEL = 0;
				GCC_PREPROCESSOR_DEFINITIONS = (
					"DEBUG=1",
					"$(inherited)",
				);
				GCC_WARN_64_TO_32_BIT_CONVERSION = YES;
				GCC_WARN_ABOUT_RETURN_TYPE = YES_ERROR;
				GCC_WARN_UNDECLARED_SELECTOR = YES;
				GCC_WARN_UNINITIALIZED_AUTOS = YES_AGGRESSIVE;
				GCC_WARN_UNUSED_FUNCTION = YES;
				GCC_WARN_UNUSED_VARIABLE = YES;
				IPHONEOS_DEPLOYMENT_TARGET = 17.2;
				LOCALIZATION_PREFERS_STRING_CATALOGS = YES;
				MTL_ENABLE_DEBUG_INFO = INCLUDE_SOURCE;
				MTL_FAST_MATH = YES;
				ONLY_ACTIVE_ARCH = YES;
				SDKROOT = iphoneos;
				SWIFT_ACTIVE_COMPILATION_CONDITIONS = "DEBUG $(inherited)";
				SWIFT_OPTIMIZATION_LEVEL = "-Onone";
			};
			name = Debug;
		};
		DE2A19242B43D27400194ADA /* Release */ = {
			isa = XCBuildConfiguration;
			buildSettings = {
				ALWAYS_SEARCH_USER_PATHS = NO;
				ASSETCATALOG_COMPILER_GENERATE_SWIFT_ASSET_SYMBOL_EXTENSIONS = YES;
				CLANG_ANALYZER_NONNULL = YES;
				CLANG_ANALYZER_NUMBER_OBJECT_CONVERSION = YES_AGGRESSIVE;
				CLANG_CXX_LANGUAGE_STANDARD = "gnu++20";
				CLANG_ENABLE_MODULES = YES;
				CLANG_ENABLE_OBJC_ARC = YES;
				CLANG_ENABLE_OBJC_WEAK = YES;
				CLANG_WARN_BLOCK_CAPTURE_AUTORELEASING = YES;
				CLANG_WARN_BOOL_CONVERSION = YES;
				CLANG_WARN_COMMA = YES;
				CLANG_WARN_CONSTANT_CONVERSION = YES;
				CLANG_WARN_DEPRECATED_OBJC_IMPLEMENTATIONS = YES;
				CLANG_WARN_DIRECT_OBJC_ISA_USAGE = YES_ERROR;
				CLANG_WARN_DOCUMENTATION_COMMENTS = YES;
				CLANG_WARN_EMPTY_BODY = YES;
				CLANG_WARN_ENUM_CONVERSION = YES;
				CLANG_WARN_INFINITE_RECURSION = YES;
				CLANG_WARN_INT_CONVERSION = YES;
				CLANG_WARN_NON_LITERAL_NULL_CONVERSION = YES;
				CLANG_WARN_OBJC_IMPLICIT_RETAIN_SELF = YES;
				CLANG_WARN_OBJC_LITERAL_CONVERSION = YES;
				CLANG_WARN_OBJC_ROOT_CLASS = YES_ERROR;
				CLANG_WARN_QUOTED_INCLUDE_IN_FRAMEWORK_HEADER = YES;
				CLANG_WARN_RANGE_LOOP_ANALYSIS = YES;
				CLANG_WARN_STRICT_PROTOTYPES = YES;
				CLANG_WARN_SUSPICIOUS_MOVE = YES;
				CLANG_WARN_UNGUARDED_AVAILABILITY = YES_AGGRESSIVE;
				CLANG_WARN_UNREACHABLE_CODE = YES;
				CLANG_WARN__DUPLICATE_METHOD_MATCH = YES;
				COPY_PHASE_STRIP = NO;
				DEBUG_INFORMATION_FORMAT = "dwarf-with-dsym";
				ENABLE_NS_ASSERTIONS = NO;
				ENABLE_STRICT_OBJC_MSGSEND = YES;
				ENABLE_USER_SCRIPT_SANDBOXING = YES;
				GCC_C_LANGUAGE_STANDARD = gnu17;
				GCC_NO_COMMON_BLOCKS = YES;
				GCC_WARN_64_TO_32_BIT_CONVERSION = YES;
				GCC_WARN_ABOUT_RETURN_TYPE = YES_ERROR;
				GCC_WARN_UNDECLARED_SELECTOR = YES;
				GCC_WARN_UNINITIALIZED_AUTOS = YES_AGGRESSIVE;
				GCC_WARN_UNUSED_FUNCTION = YES;
				GCC_WARN_UNUSED_VARIABLE = YES;
				IPHONEOS_DEPLOYMENT_TARGET = 17.2;
				LOCALIZATION_PREFERS_STRING_CATALOGS = YES;
				MTL_ENABLE_DEBUG_INFO = NO;
				MTL_FAST_MATH = YES;
				SDKROOT = iphoneos;
				SWIFT_COMPILATION_MODE = wholemodule;
				VALIDATE_PRODUCT = YES;
			};
			name = Release;
		};
		DE2A19262B43D27400194ADA /* Debug */ = {
			isa = XCBuildConfiguration;
			buildSettings = {
				ASSETCATALOG_COMPILER_APPICON_NAME = AppIcon;
				ASSETCATALOG_COMPILER_GLOBAL_ACCENT_COLOR_NAME = AccentColor;
				CODE_SIGN_STYLE = Automatic;
				CURRENT_PROJECT_VERSION = 1;
				DEVELOPMENT_TEAM = 94879TT8BU;
				GENERATE_INFOPLIST_FILE = YES;
				INFOPLIST_FILE = Blink/Info.plist;
				INFOPLIST_KEY_UIApplicationSupportsIndirectInputEvents = YES;
				INFOPLIST_KEY_UILaunchStoryboardName = LaunchScreen;
				INFOPLIST_KEY_UISupportedInterfaceOrientations_iPad = "UIInterfaceOrientationPortrait UIInterfaceOrientationPortraitUpsideDown UIInterfaceOrientationLandscapeLeft UIInterfaceOrientationLandscapeRight";
				INFOPLIST_KEY_UISupportedInterfaceOrientations_iPhone = "UIInterfaceOrientationPortrait UIInterfaceOrientationLandscapeLeft UIInterfaceOrientationLandscapeRight";
				LD_RUNPATH_SEARCH_PATHS = (
					"$(inherited)",
					"@executable_path/Frameworks",
				);
				MARKETING_VERSION = 1.0;
				PRODUCT_BUNDLE_IDENTIFIER = com.chaewon.Blink;
				PRODUCT_NAME = "$(TARGET_NAME)";
				SUPPORTED_PLATFORMS = "iphoneos iphonesimulator";
				SUPPORTS_MACCATALYST = NO;
				SUPPORTS_MAC_DESIGNED_FOR_IPHONE_IPAD = NO;
				SWIFT_EMIT_LOC_STRINGS = YES;
				SWIFT_VERSION = 5.0;
				TARGETED_DEVICE_FAMILY = 1;
			};
			name = Debug;
		};
		DE2A19272B43D27400194ADA /* Release */ = {
			isa = XCBuildConfiguration;
			buildSettings = {
				ASSETCATALOG_COMPILER_APPICON_NAME = AppIcon;
				ASSETCATALOG_COMPILER_GLOBAL_ACCENT_COLOR_NAME = AccentColor;
				CODE_SIGN_STYLE = Automatic;
				CURRENT_PROJECT_VERSION = 1;
				DEVELOPMENT_TEAM = 94879TT8BU;
				GENERATE_INFOPLIST_FILE = YES;
				INFOPLIST_FILE = Blink/Info.plist;
				INFOPLIST_KEY_UIApplicationSupportsIndirectInputEvents = YES;
				INFOPLIST_KEY_UILaunchStoryboardName = LaunchScreen;
				INFOPLIST_KEY_UISupportedInterfaceOrientations_iPad = "UIInterfaceOrientationPortrait UIInterfaceOrientationPortraitUpsideDown UIInterfaceOrientationLandscapeLeft UIInterfaceOrientationLandscapeRight";
				INFOPLIST_KEY_UISupportedInterfaceOrientations_iPhone = "UIInterfaceOrientationPortrait UIInterfaceOrientationLandscapeLeft UIInterfaceOrientationLandscapeRight";
				LD_RUNPATH_SEARCH_PATHS = (
					"$(inherited)",
					"@executable_path/Frameworks",
				);
				MARKETING_VERSION = 1.0;
				PRODUCT_BUNDLE_IDENTIFIER = com.chaewon.Blink;
				PRODUCT_NAME = "$(TARGET_NAME)";
				SUPPORTED_PLATFORMS = "iphoneos iphonesimulator";
				SUPPORTS_MACCATALYST = NO;
				SUPPORTS_MAC_DESIGNED_FOR_IPHONE_IPAD = NO;
				SWIFT_EMIT_LOC_STRINGS = YES;
				SWIFT_VERSION = 5.0;
				TARGETED_DEVICE_FAMILY = 1;
			};
			name = Release;
		};
		DE2A19292B43D27400194ADA /* Debug */ = {
			isa = XCBuildConfiguration;
			buildSettings = {
				ALWAYS_EMBED_SWIFT_STANDARD_LIBRARIES = YES;
				BUNDLE_LOADER = "$(TEST_HOST)";
				CODE_SIGN_STYLE = Automatic;
				CURRENT_PROJECT_VERSION = 1;
				DEVELOPMENT_TEAM = 94879TT8BU;
				GENERATE_INFOPLIST_FILE = YES;
				IPHONEOS_DEPLOYMENT_TARGET = 17.2;
				MARKETING_VERSION = 1.0;
				PRODUCT_BUNDLE_IDENTIFIER = com.chaewon.BlinkTests;
				PRODUCT_NAME = "$(TARGET_NAME)";
				SWIFT_EMIT_LOC_STRINGS = NO;
				SWIFT_VERSION = 5.0;
				TARGETED_DEVICE_FAMILY = "1,2";
				TEST_HOST = "$(BUILT_PRODUCTS_DIR)/Blink.app/$(BUNDLE_EXECUTABLE_FOLDER_PATH)/Blink";
			};
			name = Debug;
		};
		DE2A192A2B43D27400194ADA /* Release */ = {
			isa = XCBuildConfiguration;
			buildSettings = {
				ALWAYS_EMBED_SWIFT_STANDARD_LIBRARIES = YES;
				BUNDLE_LOADER = "$(TEST_HOST)";
				CODE_SIGN_STYLE = Automatic;
				CURRENT_PROJECT_VERSION = 1;
				DEVELOPMENT_TEAM = 94879TT8BU;
				GENERATE_INFOPLIST_FILE = YES;
				IPHONEOS_DEPLOYMENT_TARGET = 17.2;
				MARKETING_VERSION = 1.0;
				PRODUCT_BUNDLE_IDENTIFIER = com.chaewon.BlinkTests;
				PRODUCT_NAME = "$(TARGET_NAME)";
				SWIFT_EMIT_LOC_STRINGS = NO;
				SWIFT_VERSION = 5.0;
				TARGETED_DEVICE_FAMILY = "1,2";
				TEST_HOST = "$(BUILT_PRODUCTS_DIR)/Blink.app/$(BUNDLE_EXECUTABLE_FOLDER_PATH)/Blink";
			};
			name = Release;
		};
		DE2A192C2B43D27400194ADA /* Debug */ = {
			isa = XCBuildConfiguration;
			buildSettings = {
				ALWAYS_EMBED_SWIFT_STANDARD_LIBRARIES = YES;
				CODE_SIGN_STYLE = Automatic;
				CURRENT_PROJECT_VERSION = 1;
				DEVELOPMENT_TEAM = 94879TT8BU;
				GENERATE_INFOPLIST_FILE = YES;
				MARKETING_VERSION = 1.0;
				PRODUCT_BUNDLE_IDENTIFIER = com.chaewon.BlinkUITests;
				PRODUCT_NAME = "$(TARGET_NAME)";
				SWIFT_EMIT_LOC_STRINGS = NO;
				SWIFT_VERSION = 5.0;
				TARGETED_DEVICE_FAMILY = "1,2";
				TEST_TARGET_NAME = Blink;
			};
			name = Debug;
		};
		DE2A192D2B43D27400194ADA /* Release */ = {
			isa = XCBuildConfiguration;
			buildSettings = {
				ALWAYS_EMBED_SWIFT_STANDARD_LIBRARIES = YES;
				CODE_SIGN_STYLE = Automatic;
				CURRENT_PROJECT_VERSION = 1;
				DEVELOPMENT_TEAM = 94879TT8BU;
				GENERATE_INFOPLIST_FILE = YES;
				MARKETING_VERSION = 1.0;
				PRODUCT_BUNDLE_IDENTIFIER = com.chaewon.BlinkUITests;
				PRODUCT_NAME = "$(TARGET_NAME)";
				SWIFT_EMIT_LOC_STRINGS = NO;
				SWIFT_VERSION = 5.0;
				TARGETED_DEVICE_FAMILY = "1,2";
				TEST_TARGET_NAME = Blink;
			};
			name = Release;
		};
/* End XCBuildConfiguration section */

/* Begin XCConfigurationList section */
		DE2A18F62B43D27300194ADA /* Build configuration list for PBXProject "Blink" */ = {
			isa = XCConfigurationList;
			buildConfigurations = (
				DE2A19232B43D27400194ADA /* Debug */,
				DE2A19242B43D27400194ADA /* Release */,
			);
			defaultConfigurationIsVisible = 0;
			defaultConfigurationName = Release;
		};
		DE2A19252B43D27400194ADA /* Build configuration list for PBXNativeTarget "Blink" */ = {
			isa = XCConfigurationList;
			buildConfigurations = (
				DE2A19262B43D27400194ADA /* Debug */,
				DE2A19272B43D27400194ADA /* Release */,
			);
			defaultConfigurationIsVisible = 0;
			defaultConfigurationName = Release;
		};
		DE2A19282B43D27400194ADA /* Build configuration list for PBXNativeTarget "BlinkTests" */ = {
			isa = XCConfigurationList;
			buildConfigurations = (
				DE2A19292B43D27400194ADA /* Debug */,
				DE2A192A2B43D27400194ADA /* Release */,
			);
			defaultConfigurationIsVisible = 0;
			defaultConfigurationName = Release;
		};
		DE2A192B2B43D27400194ADA /* Build configuration list for PBXNativeTarget "BlinkUITests" */ = {
			isa = XCConfigurationList;
			buildConfigurations = (
				DE2A192C2B43D27400194ADA /* Debug */,
				DE2A192D2B43D27400194ADA /* Release */,
			);
			defaultConfigurationIsVisible = 0;
			defaultConfigurationName = Release;
		};
/* End XCConfigurationList section */

/* Begin XCRemoteSwiftPackageReference section */
		DE2A19472B44237A00194ADA /* XCRemoteSwiftPackageReference "SnapKit" */ = {
			isa = XCRemoteSwiftPackageReference;
			repositoryURL = "https://github.com/SnapKit/SnapKit.git";
			requirement = {
				kind = upToNextMajorVersion;
				minimumVersion = 5.7.0;
			};
		};
		DE8C274A2B454E4F00141F5F /* XCRemoteSwiftPackageReference "RxSwift" */ = {
			isa = XCRemoteSwiftPackageReference;
			repositoryURL = "https://github.com/ReactiveX/RxSwift.git";
			requirement = {
				kind = upToNextMajorVersion;
				minimumVersion = 6.6.0;
			};
		};
		DE8C275D2B4688CC00141F5F /* XCRemoteSwiftPackageReference "Toast-Swift" */ = {
			isa = XCRemoteSwiftPackageReference;
			repositoryURL = "https://github.com/scalessec/Toast-Swift.git";
			requirement = {
				kind = upToNextMajorVersion;
				minimumVersion = 5.0.1;
			};
		};
		DE8C27602B46A41500141F5F /* XCRemoteSwiftPackageReference "Alamofire" */ = {
			isa = XCRemoteSwiftPackageReference;
			repositoryURL = "https://github.com/Alamofire/Alamofire.git";
			requirement = {
				kind = upToNextMajorVersion;
				minimumVersion = 5.8.1;
			};
		};
/* End XCRemoteSwiftPackageReference section */

/* Begin XCSwiftPackageProductDependency section */
		DE2A19482B44237A00194ADA /* SnapKit */ = {
			isa = XCSwiftPackageProductDependency;
			package = DE2A19472B44237A00194ADA /* XCRemoteSwiftPackageReference "SnapKit" */;
			productName = SnapKit;
		};
		DE8C274B2B454E4F00141F5F /* RxCocoa */ = {
			isa = XCSwiftPackageProductDependency;
			package = DE8C274A2B454E4F00141F5F /* XCRemoteSwiftPackageReference "RxSwift" */;
			productName = RxCocoa;
		};
		DE8C274D2B454E4F00141F5F /* RxSwift */ = {
			isa = XCSwiftPackageProductDependency;
			package = DE8C274A2B454E4F00141F5F /* XCRemoteSwiftPackageReference "RxSwift" */;
			productName = RxSwift;
		};
		DE8C275E2B4688CC00141F5F /* Toast */ = {
			isa = XCSwiftPackageProductDependency;
			package = DE8C275D2B4688CC00141F5F /* XCRemoteSwiftPackageReference "Toast-Swift" */;
			productName = Toast;
		};
		DE8C27612B46A41500141F5F /* Alamofire */ = {
			isa = XCSwiftPackageProductDependency;
			package = DE8C27602B46A41500141F5F /* XCRemoteSwiftPackageReference "Alamofire" */;
			productName = Alamofire;
		};
/* End XCSwiftPackageProductDependency section */
	};
	rootObject = DE2A18F32B43D27300194ADA /* Project object */;
}
