// !$*UTF8*$!
{
	archiveVersion = 1;
	classes = {
	};
	objectVersion = 56;
	objects = {

/* Begin PBXBuildFile section */
		DE13156C2B52CE730023D73D /* AuthInterceptor.swift in Sources */ = {isa = PBXBuildFile; fileRef = DE13156B2B52CE730023D73D /* AuthInterceptor.swift */; };
		DE13156E2B52DB760023D73D /* Refresh.swift in Sources */ = {isa = PBXBuildFile; fileRef = DE13156D2B52DB760023D73D /* Refresh.swift */; };
		DE1315702B52E7190023D73D /* WorkspaceRouter.swift in Sources */ = {isa = PBXBuildFile; fileRef = DE13156F2B52E7190023D73D /* WorkspaceRouter.swift */; };
		DE1315742B52E81A0023D73D /* WorkspaceInfo.swift in Sources */ = {isa = PBXBuildFile; fileRef = DE1315732B52E81A0023D73D /* WorkspaceInfo.swift */; };
		DE1315772B5336040023D73D /* IQKeyboardManagerSwift in Frameworks */ = {isa = PBXBuildFile; productRef = DE1315762B5336040023D73D /* IQKeyboardManagerSwift */; };
		DE1315792B533CC50023D73D /* HomeEmptyView.swift in Sources */ = {isa = PBXBuildFile; fileRef = DE1315782B533CC50023D73D /* HomeEmptyView.swift */; };
		DE13157B2B533CE90023D73D /* HomeEmptyViewController.swift in Sources */ = {isa = PBXBuildFile; fileRef = DE13157A2B533CE90023D73D /* HomeEmptyViewController.swift */; };
		DE1315822B53A2910023D73D /* ChevronImageView.swift in Sources */ = {isa = PBXBuildFile; fileRef = DE1315812B53A2910023D73D /* ChevronImageView.swift */; };
		DE1315842B53A4520023D73D /* HomeCellTitleLabel.swift in Sources */ = {isa = PBXBuildFile; fileRef = DE1315832B53A4520023D73D /* HomeCellTitleLabel.swift */; };
		DE1315862B53A5B40023D73D /* HashtagImageView.swift in Sources */ = {isa = PBXBuildFile; fileRef = DE1315852B53A5B40023D73D /* HashtagImageView.swift */; };
		DE1315882B53A64B0023D73D /* MessageCountLabel.swift in Sources */ = {isa = PBXBuildFile; fileRef = DE1315872B53A64B0023D73D /* MessageCountLabel.swift */; };
		DE13158C2B53A7FD0023D73D /* BaseTableViewCell.swift in Sources */ = {isa = PBXBuildFile; fileRef = DE13158B2B53A7FD0023D73D /* BaseTableViewCell.swift */; };
		DE13158E2B53A8A20023D73D /* HomeSectionTableViewCell.swift in Sources */ = {isa = PBXBuildFile; fileRef = DE13158D2B53A8A20023D73D /* HomeSectionTableViewCell.swift */; };
		DE1315902B53AAF50023D73D /* HomeChannelTableViewCell.swift in Sources */ = {isa = PBXBuildFile; fileRef = DE13158F2B53AAF50023D73D /* HomeChannelTableViewCell.swift */; };
		DE1315922B53AF680023D73D /* HomeDMTableViewCell.swift in Sources */ = {isa = PBXBuildFile; fileRef = DE1315912B53AF680023D73D /* HomeDMTableViewCell.swift */; };
		DE1315942B53B1B60023D73D /* HomePlusTableViewCell.swift in Sources */ = {isa = PBXBuildFile; fileRef = DE1315932B53B1B60023D73D /* HomePlusTableViewCell.swift */; };
		DE1315962B53B5620023D73D /* HomeDefaultView.swift in Sources */ = {isa = PBXBuildFile; fileRef = DE1315952B53B5620023D73D /* HomeDefaultView.swift */; };
		DE1315982B53B5730023D73D /* HomeDefaultViewController.swift in Sources */ = {isa = PBXBuildFile; fileRef = DE1315972B53B5730023D73D /* HomeDefaultViewController.swift */; };
		DE13159A2B53B5810023D73D /* HomeDefaultViewModel.swift in Sources */ = {isa = PBXBuildFile; fileRef = DE1315992B53B5810023D73D /* HomeDefaultViewModel.swift */; };
		DE13159C2B53CE3F0023D73D /* MessageCountButton.swift in Sources */ = {isa = PBXBuildFile; fileRef = DE13159B2B53CE3F0023D73D /* MessageCountButton.swift */; };
		DE13159F2B53EC1B0023D73D /* WorkspaceListView.swift in Sources */ = {isa = PBXBuildFile; fileRef = DE13159E2B53EC1B0023D73D /* WorkspaceListView.swift */; };
		DE1315A12B53EC260023D73D /* WorkspaceListViewController.swift in Sources */ = {isa = PBXBuildFile; fileRef = DE1315A02B53EC260023D73D /* WorkspaceListViewController.swift */; };
		DE1315A42B5401D40023D73D /* SideMenu in Frameworks */ = {isa = PBXBuildFile; productRef = DE1315A32B5401D40023D73D /* SideMenu */; };
		DE1CD23E2B497EAB0083DD09 /* SignUpView.swift in Sources */ = {isa = PBXBuildFile; fileRef = DE1CD23D2B497EAB0083DD09 /* SignUpView.swift */; };
		DE1CD2402B497EBA0083DD09 /* BaseView.swift in Sources */ = {isa = PBXBuildFile; fileRef = DE1CD23F2B497EBA0083DD09 /* BaseView.swift */; };
		DE1CD2422B49ACC30083DD09 /* EmailValidation.swift in Sources */ = {isa = PBXBuildFile; fileRef = DE1CD2412B49ACC30083DD09 /* EmailValidation.swift */; };
		DE2A18FF2B43D27300194ADA /* AppDelegate.swift in Sources */ = {isa = PBXBuildFile; fileRef = DE2A18FE2B43D27300194ADA /* AppDelegate.swift */; };
		DE2A19012B43D27300194ADA /* SceneDelegate.swift in Sources */ = {isa = PBXBuildFile; fileRef = DE2A19002B43D27300194ADA /* SceneDelegate.swift */; };
		DE2A19082B43D27400194ADA /* Assets.xcassets in Resources */ = {isa = PBXBuildFile; fileRef = DE2A19072B43D27400194ADA /* Assets.xcassets */; };
		DE2A190B2B43D27400194ADA /* LaunchScreen.storyboard in Resources */ = {isa = PBXBuildFile; fileRef = DE2A19092B43D27400194ADA /* LaunchScreen.storyboard */; };
		DE2A19162B43D27400194ADA /* BlinkTests.swift in Sources */ = {isa = PBXBuildFile; fileRef = DE2A19152B43D27400194ADA /* BlinkTests.swift */; };
		DE2A19202B43D27400194ADA /* BlinkUITests.swift in Sources */ = {isa = PBXBuildFile; fileRef = DE2A191F2B43D27400194ADA /* BlinkUITests.swift */; };
		DE2A19222B43D27400194ADA /* BlinkUITestsLaunchTests.swift in Sources */ = {isa = PBXBuildFile; fileRef = DE2A19212B43D27400194ADA /* BlinkUITestsLaunchTests.swift */; };
		DE2A19382B43E8C500194ADA /* FontScale.swift in Sources */ = {isa = PBXBuildFile; fileRef = DE2A19372B43E8C500194ADA /* FontScale.swift */; };
		DE2A193C2B43F35800194ADA /* UILabel+Extension.swift in Sources */ = {isa = PBXBuildFile; fileRef = DE2A193B2B43F35800194ADA /* UILabel+Extension.swift */; };
		DE2A193F2B43F63800194ADA /* LabelBuilder.swift in Sources */ = {isa = PBXBuildFile; fileRef = DE2A193E2B43F63800194ADA /* LabelBuilder.swift */; };
		DE2A19412B43F70F00194ADA /* UIFont+Extension.swift in Sources */ = {isa = PBXBuildFile; fileRef = DE2A19402B43F70F00194ADA /* UIFont+Extension.swift */; };
		DE2A19442B44125500194ADA /* OnboardingViewController.swift in Sources */ = {isa = PBXBuildFile; fileRef = DE2A19432B44125500194ADA /* OnboardingViewController.swift */; };
		DE2A19462B44229B00194ADA /* BaseViewController.swift in Sources */ = {isa = PBXBuildFile; fileRef = DE2A19452B44229B00194ADA /* BaseViewController.swift */; };
		DE2A19492B44237A00194ADA /* SnapKit in Frameworks */ = {isa = PBXBuildFile; productRef = DE2A19482B44237A00194ADA /* SnapKit */; };
		DE2A194C2B442B0E00194ADA /* RoundedButton.swift in Sources */ = {isa = PBXBuildFile; fileRef = DE2A194B2B442B0E00194ADA /* RoundedButton.swift */; };
		DE42794D2B4537F2005DC4A7 /* ButtonBuilder.swift in Sources */ = {isa = PBXBuildFile; fileRef = DE42794C2B4537F2005DC4A7 /* ButtonBuilder.swift */; };
		DE5A67832B4A6841004FE7AC /* String+Extension.swift in Sources */ = {isa = PBXBuildFile; fileRef = DE5A67822B4A6841004FE7AC /* String+Extension.swift */; };
		DE5AEED22B4FAB8B00743DA5 /* LoginView.swift in Sources */ = {isa = PBXBuildFile; fileRef = DE5AEED12B4FAB8B00743DA5 /* LoginView.swift */; };
		DE5AEED42B4FAB9400743DA5 /* LoginViewController.swift in Sources */ = {isa = PBXBuildFile; fileRef = DE5AEED32B4FAB9400743DA5 /* LoginViewController.swift */; };
		DE5AEED62B4FAB9C00743DA5 /* LoginViewModel.swift in Sources */ = {isa = PBXBuildFile; fileRef = DE5AEED52B4FAB9C00743DA5 /* LoginViewModel.swift */; };
		DE5AEED82B4FB42B00743DA5 /* Login.swift in Sources */ = {isa = PBXBuildFile; fileRef = DE5AEED72B4FB42B00743DA5 /* Login.swift */; };
		DE5AEEDD2B4FCA4D00743DA5 /* InitialView.swift in Sources */ = {isa = PBXBuildFile; fileRef = DE5AEEDC2B4FCA4D00743DA5 /* InitialView.swift */; };
		DE5AEEDF2B4FCA5800743DA5 /* InitialViewController.swift in Sources */ = {isa = PBXBuildFile; fileRef = DE5AEEDE2B4FCA5800743DA5 /* InitialViewController.swift */; };
		DE5AEEE12B4FCA5F00743DA5 /* InitialViewModel.swift in Sources */ = {isa = PBXBuildFile; fileRef = DE5AEEE02B4FCA5F00743DA5 /* InitialViewModel.swift */; };
		DE5AEEE42B4FD90D00743DA5 /* WSAddView.swift in Sources */ = {isa = PBXBuildFile; fileRef = DE5AEEE32B4FD90D00743DA5 /* WSAddView.swift */; };
		DE5AEEE62B4FD94700743DA5 /* WSAddViewController.swift in Sources */ = {isa = PBXBuildFile; fileRef = DE5AEEE52B4FD94700743DA5 /* WSAddViewController.swift */; };
		DE5AEEE82B4FDA4000743DA5 /* WSAddViewModel.swift in Sources */ = {isa = PBXBuildFile; fileRef = DE5AEEE72B4FDA4000743DA5 /* WSAddViewModel.swift */; };
		DE8C27492B45412A00141F5F /* AuthViewController.swift in Sources */ = {isa = PBXBuildFile; fileRef = DE8C27482B45412A00141F5F /* AuthViewController.swift */; };
		DE8C274C2B454E4F00141F5F /* RxCocoa in Frameworks */ = {isa = PBXBuildFile; productRef = DE8C274B2B454E4F00141F5F /* RxCocoa */; };
		DE8C274E2B454E4F00141F5F /* RxSwift in Frameworks */ = {isa = PBXBuildFile; productRef = DE8C274D2B454E4F00141F5F /* RxSwift */; };
		DE8C27522B45626800141F5F /* SignUpViewController.swift in Sources */ = {isa = PBXBuildFile; fileRef = DE8C27512B45626800141F5F /* SignUpViewController.swift */; };
		DE8C27542B45666F00141F5F /* BTitleLabel.swift in Sources */ = {isa = PBXBuildFile; fileRef = DE8C27532B45666F00141F5F /* BTitleLabel.swift */; };
		DE8C27582B45670C00141F5F /* BTextField.swift in Sources */ = {isa = PBXBuildFile; fileRef = DE8C27572B45670C00141F5F /* BTextField.swift */; };
		DE8C275A2B4670E300141F5F /* ViewModelType.swift in Sources */ = {isa = PBXBuildFile; fileRef = DE8C27592B4670E300141F5F /* ViewModelType.swift */; };
		DE8C275C2B46711C00141F5F /* SignUpViewModel.swift in Sources */ = {isa = PBXBuildFile; fileRef = DE8C275B2B46711C00141F5F /* SignUpViewModel.swift */; };
		DE8C275F2B4688CC00141F5F /* Toast in Frameworks */ = {isa = PBXBuildFile; productRef = DE8C275E2B4688CC00141F5F /* Toast */; };
		DE8C27622B46A41500141F5F /* Alamofire in Frameworks */ = {isa = PBXBuildFile; productRef = DE8C27612B46A41500141F5F /* Alamofire */; };
		DE8C27652B46A4E500141F5F /* .gitignore in Resources */ = {isa = PBXBuildFile; fileRef = DE8C27642B46A4E500141F5F /* .gitignore */; };
		DE8C27672B46A59100141F5F /* APIKey.swift in Sources */ = {isa = PBXBuildFile; fileRef = DE8C27662B46A59100141F5F /* APIKey.swift */; };
		DE8C27692B46C62600141F5F /* HTTPError.swift in Sources */ = {isa = PBXBuildFile; fileRef = DE8C27682B46C62600141F5F /* HTTPError.swift */; };
		DE8C276D2B46C87500141F5F /* ErrorResponse.swift in Sources */ = {isa = PBXBuildFile; fileRef = DE8C276C2B46C87500141F5F /* ErrorResponse.swift */; };
		DE8C276F2B46D07000141F5F /* APIRouter.swift in Sources */ = {isa = PBXBuildFile; fileRef = DE8C276E2B46D07000141F5F /* APIRouter.swift */; };
		DE8C27722B46D4A500141F5F /* UserRouter.swift in Sources */ = {isa = PBXBuildFile; fileRef = DE8C27712B46D4A500141F5F /* UserRouter.swift */; };
		DE8C27742B46DCDA00141F5F /* APIService.swift in Sources */ = {isa = PBXBuildFile; fileRef = DE8C27732B46DCDA00141F5F /* APIService.swift */; };
		DE9971C82B4A75AB008D92B1 /* SignUp.swift in Sources */ = {isa = PBXBuildFile; fileRef = DE9971C72B4A75AB008D92B1 /* SignUp.swift */; };
		DE9971CB2B4AC839008D92B1 /* KeyChainManager.swift in Sources */ = {isa = PBXBuildFile; fileRef = DE9971CA2B4AC839008D92B1 /* KeyChainManager.swift */; };
		DE9D8C772B55542D00FBABC3 /* UIViewController+Extension.swift in Sources */ = {isa = PBXBuildFile; fileRef = DE9D8C762B55542D00FBABC3 /* UIViewController+Extension.swift */; };
		DE9D8C7F2B56649000FBABC3 /* DMViewController.swift in Sources */ = {isa = PBXBuildFile; fileRef = DE9D8C7E2B56649000FBABC3 /* DMViewController.swift */; };
		DE9D8C812B5664BB00FBABC3 /* SearchViewController.swift in Sources */ = {isa = PBXBuildFile; fileRef = DE9D8C802B5664BB00FBABC3 /* SearchViewController.swift */; };
		DE9D8C832B5664D200FBABC3 /* SettingViewController.swift in Sources */ = {isa = PBXBuildFile; fileRef = DE9D8C822B5664D200FBABC3 /* SettingViewController.swift */; };
		DE9D8C862B5676D700FBABC3 /* WorkspaceListTableViewCell.swift in Sources */ = {isa = PBXBuildFile; fileRef = DE9D8C852B5676D700FBABC3 /* WorkspaceListTableViewCell.swift */; };
		DE9D8C882B57A05000FBABC3 /* HomeTabViewController.swift in Sources */ = {isa = PBXBuildFile; fileRef = DE9D8C872B57A05000FBABC3 /* HomeTabViewController.swift */; };
/* End PBXBuildFile section */

/* Begin PBXContainerItemProxy section */
		DE2A19122B43D27400194ADA /* PBXContainerItemProxy */ = {
			isa = PBXContainerItemProxy;
			containerPortal = DE2A18F32B43D27300194ADA /* Project object */;
			proxyType = 1;
			remoteGlobalIDString = DE2A18FA2B43D27300194ADA;
			remoteInfo = Blink;
		};
		DE2A191C2B43D27400194ADA /* PBXContainerItemProxy */ = {
			isa = PBXContainerItemProxy;
			containerPortal = DE2A18F32B43D27300194ADA /* Project object */;
			proxyType = 1;
			remoteGlobalIDString = DE2A18FA2B43D27300194ADA;
			remoteInfo = Blink;
		};
/* End PBXContainerItemProxy section */

/* Begin PBXFileReference section */
		DE13156B2B52CE730023D73D /* AuthInterceptor.swift */ = {isa = PBXFileReference; lastKnownFileType = sourcecode.swift; path = AuthInterceptor.swift; sourceTree = "<group>"; };
		DE13156D2B52DB760023D73D /* Refresh.swift */ = {isa = PBXFileReference; lastKnownFileType = sourcecode.swift; path = Refresh.swift; sourceTree = "<group>"; };
		DE13156F2B52E7190023D73D /* WorkspaceRouter.swift */ = {isa = PBXFileReference; lastKnownFileType = sourcecode.swift; path = WorkspaceRouter.swift; sourceTree = "<group>"; };
		DE1315732B52E81A0023D73D /* WorkspaceInfo.swift */ = {isa = PBXFileReference; lastKnownFileType = sourcecode.swift; path = WorkspaceInfo.swift; sourceTree = "<group>"; };
		DE1315782B533CC50023D73D /* HomeEmptyView.swift */ = {isa = PBXFileReference; lastKnownFileType = sourcecode.swift; path = HomeEmptyView.swift; sourceTree = "<group>"; };
		DE13157A2B533CE90023D73D /* HomeEmptyViewController.swift */ = {isa = PBXFileReference; lastKnownFileType = sourcecode.swift; path = HomeEmptyViewController.swift; sourceTree = "<group>"; };
		DE1315812B53A2910023D73D /* ChevronImageView.swift */ = {isa = PBXFileReference; lastKnownFileType = sourcecode.swift; path = ChevronImageView.swift; sourceTree = "<group>"; };
		DE1315832B53A4520023D73D /* HomeCellTitleLabel.swift */ = {isa = PBXFileReference; lastKnownFileType = sourcecode.swift; path = HomeCellTitleLabel.swift; sourceTree = "<group>"; };
		DE1315852B53A5B40023D73D /* HashtagImageView.swift */ = {isa = PBXFileReference; lastKnownFileType = sourcecode.swift; path = HashtagImageView.swift; sourceTree = "<group>"; };
		DE1315872B53A64B0023D73D /* MessageCountLabel.swift */ = {isa = PBXFileReference; lastKnownFileType = sourcecode.swift; path = MessageCountLabel.swift; sourceTree = "<group>"; };
		DE13158B2B53A7FD0023D73D /* BaseTableViewCell.swift */ = {isa = PBXFileReference; lastKnownFileType = sourcecode.swift; path = BaseTableViewCell.swift; sourceTree = "<group>"; };
		DE13158D2B53A8A20023D73D /* HomeSectionTableViewCell.swift */ = {isa = PBXFileReference; lastKnownFileType = sourcecode.swift; path = HomeSectionTableViewCell.swift; sourceTree = "<group>"; };
		DE13158F2B53AAF50023D73D /* HomeChannelTableViewCell.swift */ = {isa = PBXFileReference; lastKnownFileType = sourcecode.swift; path = HomeChannelTableViewCell.swift; sourceTree = "<group>"; };
		DE1315912B53AF680023D73D /* HomeDMTableViewCell.swift */ = {isa = PBXFileReference; lastKnownFileType = sourcecode.swift; path = HomeDMTableViewCell.swift; sourceTree = "<group>"; };
		DE1315932B53B1B60023D73D /* HomePlusTableViewCell.swift */ = {isa = PBXFileReference; lastKnownFileType = sourcecode.swift; path = HomePlusTableViewCell.swift; sourceTree = "<group>"; };
		DE1315952B53B5620023D73D /* HomeDefaultView.swift */ = {isa = PBXFileReference; lastKnownFileType = sourcecode.swift; path = HomeDefaultView.swift; sourceTree = "<group>"; };
		DE1315972B53B5730023D73D /* HomeDefaultViewController.swift */ = {isa = PBXFileReference; lastKnownFileType = sourcecode.swift; path = HomeDefaultViewController.swift; sourceTree = "<group>"; };
		DE1315992B53B5810023D73D /* HomeDefaultViewModel.swift */ = {isa = PBXFileReference; lastKnownFileType = sourcecode.swift; path = HomeDefaultViewModel.swift; sourceTree = "<group>"; };
		DE13159B2B53CE3F0023D73D /* MessageCountButton.swift */ = {isa = PBXFileReference; lastKnownFileType = sourcecode.swift; path = MessageCountButton.swift; sourceTree = "<group>"; };
		DE13159E2B53EC1B0023D73D /* WorkspaceListView.swift */ = {isa = PBXFileReference; lastKnownFileType = sourcecode.swift; path = WorkspaceListView.swift; sourceTree = "<group>"; };
		DE1315A02B53EC260023D73D /* WorkspaceListViewController.swift */ = {isa = PBXFileReference; lastKnownFileType = sourcecode.swift; path = WorkspaceListViewController.swift; sourceTree = "<group>"; };
		DE1CD23D2B497EAB0083DD09 /* SignUpView.swift */ = {isa = PBXFileReference; lastKnownFileType = sourcecode.swift; path = SignUpView.swift; sourceTree = "<group>"; };
		DE1CD23F2B497EBA0083DD09 /* BaseView.swift */ = {isa = PBXFileReference; lastKnownFileType = sourcecode.swift; path = BaseView.swift; sourceTree = "<group>"; };
		DE1CD2412B49ACC30083DD09 /* EmailValidation.swift */ = {isa = PBXFileReference; lastKnownFileType = sourcecode.swift; path = EmailValidation.swift; sourceTree = "<group>"; };
		DE2A18FB2B43D27300194ADA /* Blink.app */ = {isa = PBXFileReference; explicitFileType = wrapper.application; includeInIndex = 0; path = Blink.app; sourceTree = BUILT_PRODUCTS_DIR; };
		DE2A18FE2B43D27300194ADA /* AppDelegate.swift */ = {isa = PBXFileReference; lastKnownFileType = sourcecode.swift; path = AppDelegate.swift; sourceTree = "<group>"; };
		DE2A19002B43D27300194ADA /* SceneDelegate.swift */ = {isa = PBXFileReference; lastKnownFileType = sourcecode.swift; path = SceneDelegate.swift; sourceTree = "<group>"; };
		DE2A19072B43D27400194ADA /* Assets.xcassets */ = {isa = PBXFileReference; lastKnownFileType = folder.assetcatalog; path = Assets.xcassets; sourceTree = "<group>"; };
		DE2A190A2B43D27400194ADA /* Base */ = {isa = PBXFileReference; lastKnownFileType = file.storyboard; name = Base; path = Base.lproj/LaunchScreen.storyboard; sourceTree = "<group>"; };
		DE2A190C2B43D27400194ADA /* Info.plist */ = {isa = PBXFileReference; lastKnownFileType = text.plist.xml; path = Info.plist; sourceTree = "<group>"; };
		DE2A19112B43D27400194ADA /* BlinkTests.xctest */ = {isa = PBXFileReference; explicitFileType = wrapper.cfbundle; includeInIndex = 0; path = BlinkTests.xctest; sourceTree = BUILT_PRODUCTS_DIR; };
		DE2A19152B43D27400194ADA /* BlinkTests.swift */ = {isa = PBXFileReference; lastKnownFileType = sourcecode.swift; path = BlinkTests.swift; sourceTree = "<group>"; };
		DE2A191B2B43D27400194ADA /* BlinkUITests.xctest */ = {isa = PBXFileReference; explicitFileType = wrapper.cfbundle; includeInIndex = 0; path = BlinkUITests.xctest; sourceTree = BUILT_PRODUCTS_DIR; };
		DE2A191F2B43D27400194ADA /* BlinkUITests.swift */ = {isa = PBXFileReference; lastKnownFileType = sourcecode.swift; path = BlinkUITests.swift; sourceTree = "<group>"; };
		DE2A19212B43D27400194ADA /* BlinkUITestsLaunchTests.swift */ = {isa = PBXFileReference; lastKnownFileType = sourcecode.swift; path = BlinkUITestsLaunchTests.swift; sourceTree = "<group>"; };
		DE2A19372B43E8C500194ADA /* FontScale.swift */ = {isa = PBXFileReference; lastKnownFileType = sourcecode.swift; path = FontScale.swift; sourceTree = "<group>"; };
		DE2A193B2B43F35800194ADA /* UILabel+Extension.swift */ = {isa = PBXFileReference; lastKnownFileType = sourcecode.swift; path = "UILabel+Extension.swift"; sourceTree = "<group>"; };
		DE2A193E2B43F63800194ADA /* LabelBuilder.swift */ = {isa = PBXFileReference; lastKnownFileType = sourcecode.swift; path = LabelBuilder.swift; sourceTree = "<group>"; };
		DE2A19402B43F70F00194ADA /* UIFont+Extension.swift */ = {isa = PBXFileReference; lastKnownFileType = sourcecode.swift; path = "UIFont+Extension.swift"; sourceTree = "<group>"; };
		DE2A19432B44125500194ADA /* OnboardingViewController.swift */ = {isa = PBXFileReference; lastKnownFileType = sourcecode.swift; path = OnboardingViewController.swift; sourceTree = "<group>"; };
		DE2A19452B44229B00194ADA /* BaseViewController.swift */ = {isa = PBXFileReference; lastKnownFileType = sourcecode.swift; path = BaseViewController.swift; sourceTree = "<group>"; };
		DE2A194B2B442B0E00194ADA /* RoundedButton.swift */ = {isa = PBXFileReference; lastKnownFileType = sourcecode.swift; path = RoundedButton.swift; sourceTree = "<group>"; };
		DE42794C2B4537F2005DC4A7 /* ButtonBuilder.swift */ = {isa = PBXFileReference; lastKnownFileType = sourcecode.swift; path = ButtonBuilder.swift; sourceTree = "<group>"; };
		DE5A67822B4A6841004FE7AC /* String+Extension.swift */ = {isa = PBXFileReference; lastKnownFileType = sourcecode.swift; path = "String+Extension.swift"; sourceTree = "<group>"; };
		DE5AEED12B4FAB8B00743DA5 /* LoginView.swift */ = {isa = PBXFileReference; lastKnownFileType = sourcecode.swift; path = LoginView.swift; sourceTree = "<group>"; };
		DE5AEED32B4FAB9400743DA5 /* LoginViewController.swift */ = {isa = PBXFileReference; lastKnownFileType = sourcecode.swift; path = LoginViewController.swift; sourceTree = "<group>"; };
		DE5AEED52B4FAB9C00743DA5 /* LoginViewModel.swift */ = {isa = PBXFileReference; lastKnownFileType = sourcecode.swift; path = LoginViewModel.swift; sourceTree = "<group>"; };
		DE5AEED72B4FB42B00743DA5 /* Login.swift */ = {isa = PBXFileReference; lastKnownFileType = sourcecode.swift; path = Login.swift; sourceTree = "<group>"; };
		DE5AEEDC2B4FCA4D00743DA5 /* InitialView.swift */ = {isa = PBXFileReference; lastKnownFileType = sourcecode.swift; path = InitialView.swift; sourceTree = "<group>"; };
		DE5AEEDE2B4FCA5800743DA5 /* InitialViewController.swift */ = {isa = PBXFileReference; lastKnownFileType = sourcecode.swift; path = InitialViewController.swift; sourceTree = "<group>"; };
		DE5AEEE02B4FCA5F00743DA5 /* InitialViewModel.swift */ = {isa = PBXFileReference; lastKnownFileType = sourcecode.swift; path = InitialViewModel.swift; sourceTree = "<group>"; };
		DE5AEEE32B4FD90D00743DA5 /* WSAddView.swift */ = {isa = PBXFileReference; lastKnownFileType = sourcecode.swift; path = WSAddView.swift; sourceTree = "<group>"; };
		DE5AEEE52B4FD94700743DA5 /* WSAddViewController.swift */ = {isa = PBXFileReference; lastKnownFileType = sourcecode.swift; path = WSAddViewController.swift; sourceTree = "<group>"; };
		DE5AEEE72B4FDA4000743DA5 /* WSAddViewModel.swift */ = {isa = PBXFileReference; lastKnownFileType = sourcecode.swift; path = WSAddViewModel.swift; sourceTree = "<group>"; };
		DE8C27482B45412A00141F5F /* AuthViewController.swift */ = {isa = PBXFileReference; lastKnownFileType = sourcecode.swift; path = AuthViewController.swift; sourceTree = "<group>"; };
		DE8C27512B45626800141F5F /* SignUpViewController.swift */ = {isa = PBXFileReference; lastKnownFileType = sourcecode.swift; path = SignUpViewController.swift; sourceTree = "<group>"; };
		DE8C27532B45666F00141F5F /* BTitleLabel.swift */ = {isa = PBXFileReference; lastKnownFileType = sourcecode.swift; path = BTitleLabel.swift; sourceTree = "<group>"; };
		DE8C27572B45670C00141F5F /* BTextField.swift */ = {isa = PBXFileReference; lastKnownFileType = sourcecode.swift; path = BTextField.swift; sourceTree = "<group>"; };
		DE8C27592B4670E300141F5F /* ViewModelType.swift */ = {isa = PBXFileReference; lastKnownFileType = sourcecode.swift; path = ViewModelType.swift; sourceTree = "<group>"; };
		DE8C275B2B46711C00141F5F /* SignUpViewModel.swift */ = {isa = PBXFileReference; lastKnownFileType = sourcecode.swift; path = SignUpViewModel.swift; sourceTree = "<group>"; };
		DE8C27642B46A4E500141F5F /* .gitignore */ = {isa = PBXFileReference; lastKnownFileType = text; path = .gitignore; sourceTree = "<group>"; };
		DE8C27662B46A59100141F5F /* APIKey.swift */ = {isa = PBXFileReference; lastKnownFileType = sourcecode.swift; path = APIKey.swift; sourceTree = "<group>"; };
		DE8C27682B46C62600141F5F /* HTTPError.swift */ = {isa = PBXFileReference; lastKnownFileType = sourcecode.swift; path = HTTPError.swift; sourceTree = "<group>"; };
		DE8C276C2B46C87500141F5F /* ErrorResponse.swift */ = {isa = PBXFileReference; lastKnownFileType = sourcecode.swift; path = ErrorResponse.swift; sourceTree = "<group>"; };
		DE8C276E2B46D07000141F5F /* APIRouter.swift */ = {isa = PBXFileReference; lastKnownFileType = sourcecode.swift; path = APIRouter.swift; sourceTree = "<group>"; };
		DE8C27712B46D4A500141F5F /* UserRouter.swift */ = {isa = PBXFileReference; lastKnownFileType = sourcecode.swift; path = UserRouter.swift; sourceTree = "<group>"; };
		DE8C27732B46DCDA00141F5F /* APIService.swift */ = {isa = PBXFileReference; lastKnownFileType = sourcecode.swift; path = APIService.swift; sourceTree = "<group>"; };
		DE9971C72B4A75AB008D92B1 /* SignUp.swift */ = {isa = PBXFileReference; lastKnownFileType = sourcecode.swift; path = SignUp.swift; sourceTree = "<group>"; };
		DE9971CA2B4AC839008D92B1 /* KeyChainManager.swift */ = {isa = PBXFileReference; lastKnownFileType = sourcecode.swift; path = KeyChainManager.swift; sourceTree = "<group>"; };
		DE9D8C762B55542D00FBABC3 /* UIViewController+Extension.swift */ = {isa = PBXFileReference; lastKnownFileType = sourcecode.swift; path = "UIViewController+Extension.swift"; sourceTree = "<group>"; };
		DE9D8C7E2B56649000FBABC3 /* DMViewController.swift */ = {isa = PBXFileReference; lastKnownFileType = sourcecode.swift; path = DMViewController.swift; sourceTree = "<group>"; };
		DE9D8C802B5664BB00FBABC3 /* SearchViewController.swift */ = {isa = PBXFileReference; lastKnownFileType = sourcecode.swift; path = SearchViewController.swift; sourceTree = "<group>"; };
		DE9D8C822B5664D200FBABC3 /* SettingViewController.swift */ = {isa = PBXFileReference; lastKnownFileType = sourcecode.swift; path = SettingViewController.swift; sourceTree = "<group>"; };
		DE9D8C852B5676D700FBABC3 /* WorkspaceListTableViewCell.swift */ = {isa = PBXFileReference; lastKnownFileType = sourcecode.swift; path = WorkspaceListTableViewCell.swift; sourceTree = "<group>"; };
		DE9D8C872B57A05000FBABC3 /* HomeTabViewController.swift */ = {isa = PBXFileReference; lastKnownFileType = sourcecode.swift; path = HomeTabViewController.swift; sourceTree = "<group>"; };
/* End PBXFileReference section */

/* Begin PBXFrameworksBuildPhase section */
		DE2A18F82B43D27300194ADA /* Frameworks */ = {
			isa = PBXFrameworksBuildPhase;
			buildActionMask = 2147483647;
			files = (
				DE8C27622B46A41500141F5F /* Alamofire in Frameworks */,
				DE8C275F2B4688CC00141F5F /* Toast in Frameworks */,
				DE8C274E2B454E4F00141F5F /* RxSwift in Frameworks */,
				DE8C274C2B454E4F00141F5F /* RxCocoa in Frameworks */,
				DE1315A42B5401D40023D73D /* SideMenu in Frameworks */,
				DE2A19492B44237A00194ADA /* SnapKit in Frameworks */,
				DE1315772B5336040023D73D /* IQKeyboardManagerSwift in Frameworks */,
			);
			runOnlyForDeploymentPostprocessing = 0;
		};
		DE2A190E2B43D27400194ADA /* Frameworks */ = {
			isa = PBXFrameworksBuildPhase;
			buildActionMask = 2147483647;
			files = (
			);
			runOnlyForDeploymentPostprocessing = 0;
		};
		DE2A19182B43D27400194ADA /* Frameworks */ = {
			isa = PBXFrameworksBuildPhase;
			buildActionMask = 2147483647;
			files = (
			);
			runOnlyForDeploymentPostprocessing = 0;
		};
/* End PBXFrameworksBuildPhase section */

/* Begin PBXGroup section */
		DE13157C2B53A1420023D73D /* HomeDefault */ = {
			isa = PBXGroup;
			children = (
				DE13157E2B53A1C60023D73D /* Cell */,
				DE13157D2B53A1BB0023D73D /* Component */,
				DE1315952B53B5620023D73D /* HomeDefaultView.swift */,
				DE1315972B53B5730023D73D /* HomeDefaultViewController.swift */,
				DE1315992B53B5810023D73D /* HomeDefaultViewModel.swift */,
			);
			path = HomeDefault;
			sourceTree = "<group>";
		};
		DE13157D2B53A1BB0023D73D /* Component */ = {
			isa = PBXGroup;
			children = (
				DE1315812B53A2910023D73D /* ChevronImageView.swift */,
				DE1315832B53A4520023D73D /* HomeCellTitleLabel.swift */,
				DE1315852B53A5B40023D73D /* HashtagImageView.swift */,
				DE1315872B53A64B0023D73D /* MessageCountLabel.swift */,
				DE13159B2B53CE3F0023D73D /* MessageCountButton.swift */,
			);
			path = Component;
			sourceTree = "<group>";
		};
		DE13157E2B53A1C60023D73D /* Cell */ = {
			isa = PBXGroup;
			children = (
				DE13158D2B53A8A20023D73D /* HomeSectionTableViewCell.swift */,
				DE13158F2B53AAF50023D73D /* HomeChannelTableViewCell.swift */,
				DE1315912B53AF680023D73D /* HomeDMTableViewCell.swift */,
				DE1315932B53B1B60023D73D /* HomePlusTableViewCell.swift */,
			);
			path = Cell;
			sourceTree = "<group>";
		};
		DE13159D2B53EC020023D73D /* WorkspaceList */ = {
			isa = PBXGroup;
			children = (
				DE9D8C842B5676C400FBABC3 /* Cell */,
				DE13159E2B53EC1B0023D73D /* WorkspaceListView.swift */,
				DE1315A02B53EC260023D73D /* WorkspaceListViewController.swift */,
			);
			path = WorkspaceList;
			sourceTree = "<group>";
		};
		DE2A18F22B43D27300194ADA = {
			isa = PBXGroup;
			children = (
				DE2A18FD2B43D27300194ADA /* Blink */,
				DE2A19142B43D27400194ADA /* BlinkTests */,
				DE2A191E2B43D27400194ADA /* BlinkUITests */,
				DE2A18FC2B43D27300194ADA /* Products */,
			);
			sourceTree = "<group>";
		};
		DE2A18FC2B43D27300194ADA /* Products */ = {
			isa = PBXGroup;
			children = (
				DE2A18FB2B43D27300194ADA /* Blink.app */,
				DE2A19112B43D27400194ADA /* BlinkTests.xctest */,
				DE2A191B2B43D27400194ADA /* BlinkUITests.xctest */,
			);
			name = Products;
			sourceTree = "<group>";
		};
		DE2A18FD2B43D27300194ADA /* Blink */ = {
			isa = PBXGroup;
			children = (
				DE2A18FE2B43D27300194ADA /* AppDelegate.swift */,
				DE2A19002B43D27300194ADA /* SceneDelegate.swift */,
				DE2A19072B43D27400194ADA /* Assets.xcassets */,
				DE2A19362B43E20000194ADA /* Utility */,
				DE2A19352B43E1EF00194ADA /* Extension */,
				DE2A19342B43E1E700194ADA /* Model */,
				DE9971C92B4AC820008D92B1 /* Data */,
				DE2A19332B43E1AE00194ADA /* Network */,
				DE2A193D2B43F62700194ADA /* Builder */,
				DE2A194A2B4429E400194ADA /* Component */,
				DE2A19312B43E19C00194ADA /* View */,
				DE2A19092B43D27400194ADA /* LaunchScreen.storyboard */,
				DE2A190C2B43D27400194ADA /* Info.plist */,
				DE8C27642B46A4E500141F5F /* .gitignore */,
			);
			path = Blink;
			sourceTree = "<group>";
		};
		DE2A19142B43D27400194ADA /* BlinkTests */ = {
			isa = PBXGroup;
			children = (
				DE2A19152B43D27400194ADA /* BlinkTests.swift */,
			);
			path = BlinkTests;
			sourceTree = "<group>";
		};
		DE2A191E2B43D27400194ADA /* BlinkUITests */ = {
			isa = PBXGroup;
			children = (
				DE2A191F2B43D27400194ADA /* BlinkUITests.swift */,
				DE2A19212B43D27400194ADA /* BlinkUITestsLaunchTests.swift */,
			);
			path = BlinkUITests;
			sourceTree = "<group>";
		};
		DE2A19312B43E19C00194ADA /* View */ = {
			isa = PBXGroup;
			children = (
				DE5AEED92B4FC9DF00743DA5 /* Sign */,
				DE5AEEDA2B4FCA0500743DA5 /* Workspace */,
				DE9D8C782B5663AE00FBABC3 /* Home */,
				DE9D8C7B2B56644B00FBABC3 /* DM */,
				DE9D8C7C2B56646900FBABC3 /* Search */,
				DE9D8C7D2B56648000FBABC3 /* Setting */,
				DE1CD23F2B497EBA0083DD09 /* BaseView.swift */,
				DE2A19452B44229B00194ADA /* BaseViewController.swift */,
				DE13158B2B53A7FD0023D73D /* BaseTableViewCell.swift */,
				DE8C27592B4670E300141F5F /* ViewModelType.swift */,
			);
			path = View;
			sourceTree = "<group>";
		};
		DE2A19332B43E1AE00194ADA /* Network */ = {
			isa = PBXGroup;
			children = (
				DE8C27702B46D2BB00141F5F /* Router */,
				DE8C27682B46C62600141F5F /* HTTPError.swift */,
				DE8C27662B46A59100141F5F /* APIKey.swift */,
				DE8C27732B46DCDA00141F5F /* APIService.swift */,
				DE13156B2B52CE730023D73D /* AuthInterceptor.swift */,
			);
			path = Network;
			sourceTree = "<group>";
		};
		DE2A19342B43E1E700194ADA /* Model */ = {
			isa = PBXGroup;
			children = (
				DE8C276C2B46C87500141F5F /* ErrorResponse.swift */,
				DE1CD2412B49ACC30083DD09 /* EmailValidation.swift */,
				DE9971C72B4A75AB008D92B1 /* SignUp.swift */,
				DE5AEED72B4FB42B00743DA5 /* Login.swift */,
				DE13156D2B52DB760023D73D /* Refresh.swift */,
				DE1315732B52E81A0023D73D /* WorkspaceInfo.swift */,
			);
			path = Model;
			sourceTree = "<group>";
		};
		DE2A19352B43E1EF00194ADA /* Extension */ = {
			isa = PBXGroup;
			children = (
				DE2A193B2B43F35800194ADA /* UILabel+Extension.swift */,
				DE2A19402B43F70F00194ADA /* UIFont+Extension.swift */,
				DE5A67822B4A6841004FE7AC /* String+Extension.swift */,
				DE9D8C762B55542D00FBABC3 /* UIViewController+Extension.swift */,
			);
			path = Extension;
			sourceTree = "<group>";
		};
		DE2A19362B43E20000194ADA /* Utility */ = {
			isa = PBXGroup;
			children = (
				DE2A19372B43E8C500194ADA /* FontScale.swift */,
			);
			path = Utility;
			sourceTree = "<group>";
		};
		DE2A193D2B43F62700194ADA /* Builder */ = {
			isa = PBXGroup;
			children = (
				DE2A193E2B43F63800194ADA /* LabelBuilder.swift */,
				DE42794C2B4537F2005DC4A7 /* ButtonBuilder.swift */,
			);
			path = Builder;
			sourceTree = "<group>";
		};
		DE2A19422B4411C900194ADA /* Onboarding */ = {
			isa = PBXGroup;
			children = (
				DE2A19432B44125500194ADA /* OnboardingViewController.swift */,
			);
			path = Onboarding;
			sourceTree = "<group>";
		};
		DE2A194A2B4429E400194ADA /* Component */ = {
			isa = PBXGroup;
			children = (
				DE2A194B2B442B0E00194ADA /* RoundedButton.swift */,
				DE8C27532B45666F00141F5F /* BTitleLabel.swift */,
				DE8C27572B45670C00141F5F /* BTextField.swift */,
			);
			path = Component;
			sourceTree = "<group>";
		};
		DE5AEED02B4FAB7C00743DA5 /* Login */ = {
			isa = PBXGroup;
			children = (
				DE5AEED12B4FAB8B00743DA5 /* LoginView.swift */,
				DE5AEED32B4FAB9400743DA5 /* LoginViewController.swift */,
				DE5AEED52B4FAB9C00743DA5 /* LoginViewModel.swift */,
			);
			path = Login;
			sourceTree = "<group>";
		};
		DE5AEED92B4FC9DF00743DA5 /* Sign */ = {
			isa = PBXGroup;
			children = (
				DE2A19422B4411C900194ADA /* Onboarding */,
				DE8C27472B4540DC00141F5F /* Auth */,
				DE8C274F2B45624000141F5F /* SignUp */,
				DE5AEED02B4FAB7C00743DA5 /* Login */,
			);
			path = Sign;
			sourceTree = "<group>";
		};
		DE5AEEDA2B4FCA0500743DA5 /* Workspace */ = {
			isa = PBXGroup;
			children = (
				DE5AEEDB2B4FCA3E00743DA5 /* WSInitial */,
				DE5AEEE22B4FD81A00743DA5 /* WSAdd */,
				DE13159D2B53EC020023D73D /* WorkspaceList */,
			);
			path = Workspace;
			sourceTree = "<group>";
		};
		DE5AEEDB2B4FCA3E00743DA5 /* WSInitial */ = {
			isa = PBXGroup;
			children = (
				DE5AEEDC2B4FCA4D00743DA5 /* InitialView.swift */,
				DE5AEEDE2B4FCA5800743DA5 /* InitialViewController.swift */,
				DE5AEEE02B4FCA5F00743DA5 /* InitialViewModel.swift */,
			);
			path = WSInitial;
			sourceTree = "<group>";
		};
		DE5AEEE22B4FD81A00743DA5 /* WSAdd */ = {
			isa = PBXGroup;
			children = (
				DE5AEEE32B4FD90D00743DA5 /* WSAddView.swift */,
				DE5AEEE52B4FD94700743DA5 /* WSAddViewController.swift */,
				DE5AEEE72B4FDA4000743DA5 /* WSAddViewModel.swift */,
			);
			path = WSAdd;
			sourceTree = "<group>";
		};
		DE5AEEE92B4FFE9600743DA5 /* HomeEmpty */ = {
			isa = PBXGroup;
			children = (
				DE1315782B533CC50023D73D /* HomeEmptyView.swift */,
				DE13157A2B533CE90023D73D /* HomeEmptyViewController.swift */,
			);
			path = HomeEmpty;
			sourceTree = "<group>";
		};
		DE8C27472B4540DC00141F5F /* Auth */ = {
			isa = PBXGroup;
			children = (
				DE8C27482B45412A00141F5F /* AuthViewController.swift */,
			);
			path = Auth;
			sourceTree = "<group>";
		};
		DE8C274F2B45624000141F5F /* SignUp */ = {
			isa = PBXGroup;
			children = (
				DE1CD23D2B497EAB0083DD09 /* SignUpView.swift */,
				DE8C27512B45626800141F5F /* SignUpViewController.swift */,
				DE8C275B2B46711C00141F5F /* SignUpViewModel.swift */,
			);
			path = SignUp;
			sourceTree = "<group>";
		};
		DE8C27702B46D2BB00141F5F /* Router */ = {
			isa = PBXGroup;
			children = (
				DE8C276E2B46D07000141F5F /* APIRouter.swift */,
				DE8C27712B46D4A500141F5F /* UserRouter.swift */,
				DE13156F2B52E7190023D73D /* WorkspaceRouter.swift */,
			);
			path = Router;
			sourceTree = "<group>";
		};
		DE9971C92B4AC820008D92B1 /* Data */ = {
			isa = PBXGroup;
			children = (
				DE9971CA2B4AC839008D92B1 /* KeyChainManager.swift */,
			);
			path = Data;
			sourceTree = "<group>";
		};
		DE9D8C782B5663AE00FBABC3 /* Home */ = {
			isa = PBXGroup;
			children = (
				DE5AEEE92B4FFE9600743DA5 /* HomeEmpty */,
				DE13157C2B53A1420023D73D /* HomeDefault */,
				DE9D8C872B57A05000FBABC3 /* HomeTabViewController.swift */,
			);
			path = Home;
			sourceTree = "<group>";
		};
		DE9D8C7B2B56644B00FBABC3 /* DM */ = {
			isa = PBXGroup;
			children = (
				DE9D8C7E2B56649000FBABC3 /* DMViewController.swift */,
			);
			path = DM;
			sourceTree = "<group>";
		};
		DE9D8C7C2B56646900FBABC3 /* Search */ = {
			isa = PBXGroup;
			children = (
				DE9D8C802B5664BB00FBABC3 /* SearchViewController.swift */,
			);
			path = Search;
			sourceTree = "<group>";
		};
		DE9D8C7D2B56648000FBABC3 /* Setting */ = {
			isa = PBXGroup;
			children = (
				DE9D8C822B5664D200FBABC3 /* SettingViewController.swift */,
			);
			path = Setting;
			sourceTree = "<group>";
		};
		DE9D8C842B5676C400FBABC3 /* Cell */ = {
			isa = PBXGroup;
			children = (
				DE9D8C852B5676D700FBABC3 /* WorkspaceListTableViewCell.swift */,
			);
			path = Cell;
			sourceTree = "<group>";
		};
/* End PBXGroup section */

/* Begin PBXNativeTarget section */
		DE2A18FA2B43D27300194ADA /* Blink */ = {
			isa = PBXNativeTarget;
			buildConfigurationList = DE2A19252B43D27400194ADA /* Build configuration list for PBXNativeTarget "Blink" */;
			buildPhases = (
				DE2A18F72B43D27300194ADA /* Sources */,
				DE2A18F82B43D27300194ADA /* Frameworks */,
				DE2A18F92B43D27300194ADA /* Resources */,
			);
			buildRules = (
			);
			dependencies = (
			);
			name = Blink;
			packageProductDependencies = (
				DE2A19482B44237A00194ADA /* SnapKit */,
				DE8C274B2B454E4F00141F5F /* RxCocoa */,
				DE8C274D2B454E4F00141F5F /* RxSwift */,
				DE8C275E2B4688CC00141F5F /* Toast */,
				DE8C27612B46A41500141F5F /* Alamofire */,
				DE1315762B5336040023D73D /* IQKeyboardManagerSwift */,
				DE1315A32B5401D40023D73D /* SideMenu */,
			);
			productName = Blink;
			productReference = DE2A18FB2B43D27300194ADA /* Blink.app */;
			productType = "com.apple.product-type.application";
		};
		DE2A19102B43D27400194ADA /* BlinkTests */ = {
			isa = PBXNativeTarget;
			buildConfigurationList = DE2A19282B43D27400194ADA /* Build configuration list for PBXNativeTarget "BlinkTests" */;
			buildPhases = (
				DE2A190D2B43D27400194ADA /* Sources */,
				DE2A190E2B43D27400194ADA /* Frameworks */,
				DE2A190F2B43D27400194ADA /* Resources */,
			);
			buildRules = (
			);
			dependencies = (
				DE2A19132B43D27400194ADA /* PBXTargetDependency */,
			);
			name = BlinkTests;
			productName = BlinkTests;
			productReference = DE2A19112B43D27400194ADA /* BlinkTests.xctest */;
			productType = "com.apple.product-type.bundle.unit-test";
		};
		DE2A191A2B43D27400194ADA /* BlinkUITests */ = {
			isa = PBXNativeTarget;
			buildConfigurationList = DE2A192B2B43D27400194ADA /* Build configuration list for PBXNativeTarget "BlinkUITests" */;
			buildPhases = (
				DE2A19172B43D27400194ADA /* Sources */,
				DE2A19182B43D27400194ADA /* Frameworks */,
				DE2A19192B43D27400194ADA /* Resources */,
			);
			buildRules = (
			);
			dependencies = (
				DE2A191D2B43D27400194ADA /* PBXTargetDependency */,
			);
			name = BlinkUITests;
			productName = BlinkUITests;
			productReference = DE2A191B2B43D27400194ADA /* BlinkUITests.xctest */;
			productType = "com.apple.product-type.bundle.ui-testing";
		};
/* End PBXNativeTarget section */

/* Begin PBXProject section */
		DE2A18F32B43D27300194ADA /* Project object */ = {
			isa = PBXProject;
			attributes = {
				BuildIndependentTargetsInParallel = 1;
				LastSwiftUpdateCheck = 1510;
				LastUpgradeCheck = 1510;
				TargetAttributes = {
					DE2A18FA2B43D27300194ADA = {
						CreatedOnToolsVersion = 15.1;
					};
					DE2A19102B43D27400194ADA = {
						CreatedOnToolsVersion = 15.1;
						TestTargetID = DE2A18FA2B43D27300194ADA;
					};
					DE2A191A2B43D27400194ADA = {
						CreatedOnToolsVersion = 15.1;
						TestTargetID = DE2A18FA2B43D27300194ADA;
					};
				};
			};
			buildConfigurationList = DE2A18F62B43D27300194ADA /* Build configuration list for PBXProject "Blink" */;
			compatibilityVersion = "Xcode 14.0";
			developmentRegion = en;
			hasScannedForEncodings = 0;
			knownRegions = (
				en,
				Base,
			);
			mainGroup = DE2A18F22B43D27300194ADA;
			packageReferences = (
				DE2A19472B44237A00194ADA /* XCRemoteSwiftPackageReference "SnapKit" */,
				DE8C274A2B454E4F00141F5F /* XCRemoteSwiftPackageReference "RxSwift" */,
				DE8C275D2B4688CC00141F5F /* XCRemoteSwiftPackageReference "Toast-Swift" */,
				DE8C27602B46A41500141F5F /* XCRemoteSwiftPackageReference "Alamofire" */,
				DE1315752B5336040023D73D /* XCRemoteSwiftPackageReference "IQKeyboardManager" */,
				DE1315A22B5401D40023D73D /* XCRemoteSwiftPackageReference "SideMenu" */,
			);
			productRefGroup = DE2A18FC2B43D27300194ADA /* Products */;
			projectDirPath = "";
			projectRoot = "";
			targets = (
				DE2A18FA2B43D27300194ADA /* Blink */,
				DE2A19102B43D27400194ADA /* BlinkTests */,
				DE2A191A2B43D27400194ADA /* BlinkUITests */,
			);
		};
/* End PBXProject section */

/* Begin PBXResourcesBuildPhase section */
		DE2A18F92B43D27300194ADA /* Resources */ = {
			isa = PBXResourcesBuildPhase;
			buildActionMask = 2147483647;
			files = (
				DE2A190B2B43D27400194ADA /* LaunchScreen.storyboard in Resources */,
				DE8C27652B46A4E500141F5F /* .gitignore in Resources */,
				DE2A19082B43D27400194ADA /* Assets.xcassets in Resources */,
			);
			runOnlyForDeploymentPostprocessing = 0;
		};
		DE2A190F2B43D27400194ADA /* Resources */ = {
			isa = PBXResourcesBuildPhase;
			buildActionMask = 2147483647;
			files = (
			);
			runOnlyForDeploymentPostprocessing = 0;
		};
		DE2A19192B43D27400194ADA /* Resources */ = {
			isa = PBXResourcesBuildPhase;
			buildActionMask = 2147483647;
			files = (
			);
			runOnlyForDeploymentPostprocessing = 0;
		};
/* End PBXResourcesBuildPhase section */

/* Begin PBXSourcesBuildPhase section */
		DE2A18F72B43D27300194ADA /* Sources */ = {
			isa = PBXSourcesBuildPhase;
			buildActionMask = 2147483647;
			files = (
				DE5AEEDD2B4FCA4D00743DA5 /* InitialView.swift in Sources */,
				DE5AEEE12B4FCA5F00743DA5 /* InitialViewModel.swift in Sources */,
				DE1315A12B53EC260023D73D /* WorkspaceListViewController.swift in Sources */,
				DE8C27492B45412A00141F5F /* AuthViewController.swift in Sources */,
				DE5AEED22B4FAB8B00743DA5 /* LoginView.swift in Sources */,
				DE8C276F2B46D07000141F5F /* APIRouter.swift in Sources */,
				DE2A19412B43F70F00194ADA /* UIFont+Extension.swift in Sources */,
				DE13159F2B53EC1B0023D73D /* WorkspaceListView.swift in Sources */,
				DE8C275C2B46711C00141F5F /* SignUpViewModel.swift in Sources */,
				DE1315982B53B5730023D73D /* HomeDefaultViewController.swift in Sources */,
				DE13156E2B52DB760023D73D /* Refresh.swift in Sources */,
				DE8C27742B46DCDA00141F5F /* APIService.swift in Sources */,
				DE9D8C862B5676D700FBABC3 /* WorkspaceListTableViewCell.swift in Sources */,
				DE5AEEDF2B4FCA5800743DA5 /* InitialViewController.swift in Sources */,
				DE1CD23E2B497EAB0083DD09 /* SignUpView.swift in Sources */,
				DE5A67832B4A6841004FE7AC /* String+Extension.swift in Sources */,
				DE13158E2B53A8A20023D73D /* HomeSectionTableViewCell.swift in Sources */,
				DE8C27722B46D4A500141F5F /* UserRouter.swift in Sources */,
				DE8C27542B45666F00141F5F /* BTitleLabel.swift in Sources */,
				DE9D8C832B5664D200FBABC3 /* SettingViewController.swift in Sources */,
				DE2A18FF2B43D27300194ADA /* AppDelegate.swift in Sources */,
				DE2A19012B43D27300194ADA /* SceneDelegate.swift in Sources */,
				DE1315882B53A64B0023D73D /* MessageCountLabel.swift in Sources */,
				DE1CD2422B49ACC30083DD09 /* EmailValidation.swift in Sources */,
				DE2A193C2B43F35800194ADA /* UILabel+Extension.swift in Sources */,
				DE2A194C2B442B0E00194ADA /* RoundedButton.swift in Sources */,
				DE1315742B52E81A0023D73D /* WorkspaceInfo.swift in Sources */,
				DE13159A2B53B5810023D73D /* HomeDefaultViewModel.swift in Sources */,
				DE9D8C882B57A05000FBABC3 /* HomeTabViewController.swift in Sources */,
				DE8C27522B45626800141F5F /* SignUpViewController.swift in Sources */,
				DE5AEEE62B4FD94700743DA5 /* WSAddViewController.swift in Sources */,
				DE8C275A2B4670E300141F5F /* ViewModelType.swift in Sources */,
				DE13156C2B52CE730023D73D /* AuthInterceptor.swift in Sources */,
				DE1315792B533CC50023D73D /* HomeEmptyView.swift in Sources */,
				DE5AEEE42B4FD90D00743DA5 /* WSAddView.swift in Sources */,
				DE1315862B53A5B40023D73D /* HashtagImageView.swift in Sources */,
				DE1315962B53B5620023D73D /* HomeDefaultView.swift in Sources */,
				DE1315922B53AF680023D73D /* HomeDMTableViewCell.swift in Sources */,
				DE13158C2B53A7FD0023D73D /* BaseTableViewCell.swift in Sources */,
				DE5AEED62B4FAB9C00743DA5 /* LoginViewModel.swift in Sources */,
				DE13157B2B533CE90023D73D /* HomeEmptyViewController.swift in Sources */,
				DE1315822B53A2910023D73D /* ChevronImageView.swift in Sources */,
				DE2A19442B44125500194ADA /* OnboardingViewController.swift in Sources */,
				DE5AEEE82B4FDA4000743DA5 /* WSAddViewModel.swift in Sources */,
				DE5AEED42B4FAB9400743DA5 /* LoginViewController.swift in Sources */,
				DE1315702B52E7190023D73D /* WorkspaceRouter.swift in Sources */,
				DE1CD2402B497EBA0083DD09 /* BaseView.swift in Sources */,
				DE9D8C7F2B56649000FBABC3 /* DMViewController.swift in Sources */,
				DE8C27582B45670C00141F5F /* BTextField.swift in Sources */,
				DE9971CB2B4AC839008D92B1 /* KeyChainManager.swift in Sources */,
				DE2A19462B44229B00194ADA /* BaseViewController.swift in Sources */,
				DE42794D2B4537F2005DC4A7 /* ButtonBuilder.swift in Sources */,
				DE9D8C772B55542D00FBABC3 /* UIViewController+Extension.swift in Sources */,
				DE13159C2B53CE3F0023D73D /* MessageCountButton.swift in Sources */,
				DE2A193F2B43F63800194ADA /* LabelBuilder.swift in Sources */,
				DE1315942B53B1B60023D73D /* HomePlusTableViewCell.swift in Sources */,
				DE2A19382B43E8C500194ADA /* FontScale.swift in Sources */,
				DE1315902B53AAF50023D73D /* HomeChannelTableViewCell.swift in Sources */,
				DE8C276D2B46C87500141F5F /* ErrorResponse.swift in Sources */,
				DE9D8C812B5664BB00FBABC3 /* SearchViewController.swift in Sources */,
				DE8C27672B46A59100141F5F /* APIKey.swift in Sources */,
				DE9971C82B4A75AB008D92B1 /* SignUp.swift in Sources */,
				DE8C27692B46C62600141F5F /* HTTPError.swift in Sources */,
				DE1315842B53A4520023D73D /* HomeCellTitleLabel.swift in Sources */,
				DE5AEED82B4FB42B00743DA5 /* Login.swift in Sources */,
			);
			runOnlyForDeploymentPostprocessing = 0;
		};
		DE2A190D2B43D27400194ADA /* Sources */ = {
			isa = PBXSourcesBuildPhase;
			buildActionMask = 2147483647;
			files = (
				DE2A19162B43D27400194ADA /* BlinkTests.swift in Sources */,
			);
			runOnlyForDeploymentPostprocessing = 0;
		};
		DE2A19172B43D27400194ADA /* Sources */ = {
			isa = PBXSourcesBuildPhase;
			buildActionMask = 2147483647;
			files = (
				DE2A19202B43D27400194ADA /* BlinkUITests.swift in Sources */,
				DE2A19222B43D27400194ADA /* BlinkUITestsLaunchTests.swift in Sources */,
			);
			runOnlyForDeploymentPostprocessing = 0;
		};
/* End PBXSourcesBuildPhase section */

/* Begin PBXTargetDependency section */
		DE2A19132B43D27400194ADA /* PBXTargetDependency */ = {
			isa = PBXTargetDependency;
			target = DE2A18FA2B43D27300194ADA /* Blink */;
			targetProxy = DE2A19122B43D27400194ADA /* PBXContainerItemProxy */;
		};
		DE2A191D2B43D27400194ADA /* PBXTargetDependency */ = {
			isa = PBXTargetDependency;
			target = DE2A18FA2B43D27300194ADA /* Blink */;
			targetProxy = DE2A191C2B43D27400194ADA /* PBXContainerItemProxy */;
		};
/* End PBXTargetDependency section */

/* Begin PBXVariantGroup section */
		DE2A19092B43D27400194ADA /* LaunchScreen.storyboard */ = {
			isa = PBXVariantGroup;
			children = (
				DE2A190A2B43D27400194ADA /* Base */,
			);
			name = LaunchScreen.storyboard;
			sourceTree = "<group>";
		};
/* End PBXVariantGroup section */

/* Begin XCBuildConfiguration section */
		DE2A19232B43D27400194ADA /* Debug */ = {
			isa = XCBuildConfiguration;
			buildSettings = {
				ALWAYS_SEARCH_USER_PATHS = NO;
				ASSETCATALOG_COMPILER_GENERATE_SWIFT_ASSET_SYMBOL_EXTENSIONS = YES;
				CLANG_ANALYZER_NONNULL = YES;
				CLANG_ANALYZER_NUMBER_OBJECT_CONVERSION = YES_AGGRESSIVE;
				CLANG_CXX_LANGUAGE_STANDARD = "gnu++20";
				CLANG_ENABLE_MODULES = YES;
				CLANG_ENABLE_OBJC_ARC = YES;
				CLANG_ENABLE_OBJC_WEAK = YES;
				CLANG_WARN_BLOCK_CAPTURE_AUTORELEASING = YES;
				CLANG_WARN_BOOL_CONVERSION = YES;
				CLANG_WARN_COMMA = YES;
				CLANG_WARN_CONSTANT_CONVERSION = YES;
				CLANG_WARN_DEPRECATED_OBJC_IMPLEMENTATIONS = YES;
				CLANG_WARN_DIRECT_OBJC_ISA_USAGE = YES_ERROR;
				CLANG_WARN_DOCUMENTATION_COMMENTS = YES;
				CLANG_WARN_EMPTY_BODY = YES;
				CLANG_WARN_ENUM_CONVERSION = YES;
				CLANG_WARN_INFINITE_RECURSION = YES;
				CLANG_WARN_INT_CONVERSION = YES;
				CLANG_WARN_NON_LITERAL_NULL_CONVERSION = YES;
				CLANG_WARN_OBJC_IMPLICIT_RETAIN_SELF = YES;
				CLANG_WARN_OBJC_LITERAL_CONVERSION = YES;
				CLANG_WARN_OBJC_ROOT_CLASS = YES_ERROR;
				CLANG_WARN_QUOTED_INCLUDE_IN_FRAMEWORK_HEADER = YES;
				CLANG_WARN_RANGE_LOOP_ANALYSIS = YES;
				CLANG_WARN_STRICT_PROTOTYPES = YES;
				CLANG_WARN_SUSPICIOUS_MOVE = YES;
				CLANG_WARN_UNGUARDED_AVAILABILITY = YES_AGGRESSIVE;
				CLANG_WARN_UNREACHABLE_CODE = YES;
				CLANG_WARN__DUPLICATE_METHOD_MATCH = YES;
				COPY_PHASE_STRIP = NO;
				DEBUG_INFORMATION_FORMAT = dwarf;
				ENABLE_STRICT_OBJC_MSGSEND = YES;
				ENABLE_TESTABILITY = YES;
				ENABLE_USER_SCRIPT_SANDBOXING = YES;
				GCC_C_LANGUAGE_STANDARD = gnu17;
				GCC_DYNAMIC_NO_PIC = NO;
				GCC_NO_COMMON_BLOCKS = YES;
				GCC_OPTIMIZATION_LEVEL = 0;
				GCC_PREPROCESSOR_DEFINITIONS = (
					"DEBUG=1",
					"$(inherited)",
				);
				GCC_WARN_64_TO_32_BIT_CONVERSION = YES;
				GCC_WARN_ABOUT_RETURN_TYPE = YES_ERROR;
				GCC_WARN_UNDECLARED_SELECTOR = YES;
				GCC_WARN_UNINITIALIZED_AUTOS = YES_AGGRESSIVE;
				GCC_WARN_UNUSED_FUNCTION = YES;
				GCC_WARN_UNUSED_VARIABLE = YES;
				IPHONEOS_DEPLOYMENT_TARGET = 17.2;
				LOCALIZATION_PREFERS_STRING_CATALOGS = YES;
				MTL_ENABLE_DEBUG_INFO = INCLUDE_SOURCE;
				MTL_FAST_MATH = YES;
				ONLY_ACTIVE_ARCH = YES;
				SDKROOT = iphoneos;
				SWIFT_ACTIVE_COMPILATION_CONDITIONS = "DEBUG $(inherited)";
				SWIFT_OPTIMIZATION_LEVEL = "-Onone";
			};
			name = Debug;
		};
		DE2A19242B43D27400194ADA /* Release */ = {
			isa = XCBuildConfiguration;
			buildSettings = {
				ALWAYS_SEARCH_USER_PATHS = NO;
				ASSETCATALOG_COMPILER_GENERATE_SWIFT_ASSET_SYMBOL_EXTENSIONS = YES;
				CLANG_ANALYZER_NONNULL = YES;
				CLANG_ANALYZER_NUMBER_OBJECT_CONVERSION = YES_AGGRESSIVE;
				CLANG_CXX_LANGUAGE_STANDARD = "gnu++20";
				CLANG_ENABLE_MODULES = YES;
				CLANG_ENABLE_OBJC_ARC = YES;
				CLANG_ENABLE_OBJC_WEAK = YES;
				CLANG_WARN_BLOCK_CAPTURE_AUTORELEASING = YES;
				CLANG_WARN_BOOL_CONVERSION = YES;
				CLANG_WARN_COMMA = YES;
				CLANG_WARN_CONSTANT_CONVERSION = YES;
				CLANG_WARN_DEPRECATED_OBJC_IMPLEMENTATIONS = YES;
				CLANG_WARN_DIRECT_OBJC_ISA_USAGE = YES_ERROR;
				CLANG_WARN_DOCUMENTATION_COMMENTS = YES;
				CLANG_WARN_EMPTY_BODY = YES;
				CLANG_WARN_ENUM_CONVERSION = YES;
				CLANG_WARN_INFINITE_RECURSION = YES;
				CLANG_WARN_INT_CONVERSION = YES;
				CLANG_WARN_NON_LITERAL_NULL_CONVERSION = YES;
				CLANG_WARN_OBJC_IMPLICIT_RETAIN_SELF = YES;
				CLANG_WARN_OBJC_LITERAL_CONVERSION = YES;
				CLANG_WARN_OBJC_ROOT_CLASS = YES_ERROR;
				CLANG_WARN_QUOTED_INCLUDE_IN_FRAMEWORK_HEADER = YES;
				CLANG_WARN_RANGE_LOOP_ANALYSIS = YES;
				CLANG_WARN_STRICT_PROTOTYPES = YES;
				CLANG_WARN_SUSPICIOUS_MOVE = YES;
				CLANG_WARN_UNGUARDED_AVAILABILITY = YES_AGGRESSIVE;
				CLANG_WARN_UNREACHABLE_CODE = YES;
				CLANG_WARN__DUPLICATE_METHOD_MATCH = YES;
				COPY_PHASE_STRIP = NO;
				DEBUG_INFORMATION_FORMAT = "dwarf-with-dsym";
				ENABLE_NS_ASSERTIONS = NO;
				ENABLE_STRICT_OBJC_MSGSEND = YES;
				ENABLE_USER_SCRIPT_SANDBOXING = YES;
				GCC_C_LANGUAGE_STANDARD = gnu17;
				GCC_NO_COMMON_BLOCKS = YES;
				GCC_WARN_64_TO_32_BIT_CONVERSION = YES;
				GCC_WARN_ABOUT_RETURN_TYPE = YES_ERROR;
				GCC_WARN_UNDECLARED_SELECTOR = YES;
				GCC_WARN_UNINITIALIZED_AUTOS = YES_AGGRESSIVE;
				GCC_WARN_UNUSED_FUNCTION = YES;
				GCC_WARN_UNUSED_VARIABLE = YES;
				IPHONEOS_DEPLOYMENT_TARGET = 17.2;
				LOCALIZATION_PREFERS_STRING_CATALOGS = YES;
				MTL_ENABLE_DEBUG_INFO = NO;
				MTL_FAST_MATH = YES;
				SDKROOT = iphoneos;
				SWIFT_COMPILATION_MODE = wholemodule;
				VALIDATE_PRODUCT = YES;
			};
			name = Release;
		};
		DE2A19262B43D27400194ADA /* Debug */ = {
			isa = XCBuildConfiguration;
			buildSettings = {
				ASSETCATALOG_COMPILER_APPICON_NAME = AppIcon;
				ASSETCATALOG_COMPILER_GLOBAL_ACCENT_COLOR_NAME = AccentColor;
				CODE_SIGN_STYLE = Automatic;
				CURRENT_PROJECT_VERSION = 1;
				DEVELOPMENT_TEAM = 94879TT8BU;
				GENERATE_INFOPLIST_FILE = YES;
				INFOPLIST_FILE = Blink/Info.plist;
				INFOPLIST_KEY_UIApplicationSupportsIndirectInputEvents = YES;
				INFOPLIST_KEY_UILaunchStoryboardName = LaunchScreen;
				INFOPLIST_KEY_UISupportedInterfaceOrientations_iPad = "UIInterfaceOrientationPortrait UIInterfaceOrientationPortraitUpsideDown UIInterfaceOrientationLandscapeLeft UIInterfaceOrientationLandscapeRight";
				INFOPLIST_KEY_UISupportedInterfaceOrientations_iPhone = "UIInterfaceOrientationPortrait UIInterfaceOrientationLandscapeLeft UIInterfaceOrientationLandscapeRight";
				LD_RUNPATH_SEARCH_PATHS = (
					"$(inherited)",
					"@executable_path/Frameworks",
				);
				MARKETING_VERSION = 1.0;
				PRODUCT_BUNDLE_IDENTIFIER = com.chaewon.Blink;
				PRODUCT_NAME = "$(TARGET_NAME)";
				SUPPORTED_PLATFORMS = "iphoneos iphonesimulator";
				SUPPORTS_MACCATALYST = NO;
				SUPPORTS_MAC_DESIGNED_FOR_IPHONE_IPAD = NO;
				SWIFT_EMIT_LOC_STRINGS = YES;
				SWIFT_VERSION = 5.0;
				TARGETED_DEVICE_FAMILY = 1;
			};
			name = Debug;
		};
		DE2A19272B43D27400194ADA /* Release */ = {
			isa = XCBuildConfiguration;
			buildSettings = {
				ASSETCATALOG_COMPILER_APPICON_NAME = AppIcon;
				ASSETCATALOG_COMPILER_GLOBAL_ACCENT_COLOR_NAME = AccentColor;
				CODE_SIGN_STYLE = Automatic;
				CURRENT_PROJECT_VERSION = 1;
				DEVELOPMENT_TEAM = 94879TT8BU;
				GENERATE_INFOPLIST_FILE = YES;
				INFOPLIST_FILE = Blink/Info.plist;
				INFOPLIST_KEY_UIApplicationSupportsIndirectInputEvents = YES;
				INFOPLIST_KEY_UILaunchStoryboardName = LaunchScreen;
				INFOPLIST_KEY_UISupportedInterfaceOrientations_iPad = "UIInterfaceOrientationPortrait UIInterfaceOrientationPortraitUpsideDown UIInterfaceOrientationLandscapeLeft UIInterfaceOrientationLandscapeRight";
				INFOPLIST_KEY_UISupportedInterfaceOrientations_iPhone = "UIInterfaceOrientationPortrait UIInterfaceOrientationLandscapeLeft UIInterfaceOrientationLandscapeRight";
				LD_RUNPATH_SEARCH_PATHS = (
					"$(inherited)",
					"@executable_path/Frameworks",
				);
				MARKETING_VERSION = 1.0;
				PRODUCT_BUNDLE_IDENTIFIER = com.chaewon.Blink;
				PRODUCT_NAME = "$(TARGET_NAME)";
				SUPPORTED_PLATFORMS = "iphoneos iphonesimulator";
				SUPPORTS_MACCATALYST = NO;
				SUPPORTS_MAC_DESIGNED_FOR_IPHONE_IPAD = NO;
				SWIFT_EMIT_LOC_STRINGS = YES;
				SWIFT_VERSION = 5.0;
				TARGETED_DEVICE_FAMILY = 1;
			};
			name = Release;
		};
		DE2A19292B43D27400194ADA /* Debug */ = {
			isa = XCBuildConfiguration;
			buildSettings = {
				ALWAYS_EMBED_SWIFT_STANDARD_LIBRARIES = YES;
				BUNDLE_LOADER = "$(TEST_HOST)";
				CODE_SIGN_STYLE = Automatic;
				CURRENT_PROJECT_VERSION = 1;
				DEVELOPMENT_TEAM = 94879TT8BU;
				GENERATE_INFOPLIST_FILE = YES;
				IPHONEOS_DEPLOYMENT_TARGET = 17.2;
				MARKETING_VERSION = 1.0;
				PRODUCT_BUNDLE_IDENTIFIER = com.chaewon.BlinkTests;
				PRODUCT_NAME = "$(TARGET_NAME)";
				SWIFT_EMIT_LOC_STRINGS = NO;
				SWIFT_VERSION = 5.0;
				TARGETED_DEVICE_FAMILY = "1,2";
				TEST_HOST = "$(BUILT_PRODUCTS_DIR)/Blink.app/$(BUNDLE_EXECUTABLE_FOLDER_PATH)/Blink";
			};
			name = Debug;
		};
		DE2A192A2B43D27400194ADA /* Release */ = {
			isa = XCBuildConfiguration;
			buildSettings = {
				ALWAYS_EMBED_SWIFT_STANDARD_LIBRARIES = YES;
				BUNDLE_LOADER = "$(TEST_HOST)";
				CODE_SIGN_STYLE = Automatic;
				CURRENT_PROJECT_VERSION = 1;
				DEVELOPMENT_TEAM = 94879TT8BU;
				GENERATE_INFOPLIST_FILE = YES;
				IPHONEOS_DEPLOYMENT_TARGET = 17.2;
				MARKETING_VERSION = 1.0;
				PRODUCT_BUNDLE_IDENTIFIER = com.chaewon.BlinkTests;
				PRODUCT_NAME = "$(TARGET_NAME)";
				SWIFT_EMIT_LOC_STRINGS = NO;
				SWIFT_VERSION = 5.0;
				TARGETED_DEVICE_FAMILY = "1,2";
				TEST_HOST = "$(BUILT_PRODUCTS_DIR)/Blink.app/$(BUNDLE_EXECUTABLE_FOLDER_PATH)/Blink";
			};
			name = Release;
		};
		DE2A192C2B43D27400194ADA /* Debug */ = {
			isa = XCBuildConfiguration;
			buildSettings = {
				ALWAYS_EMBED_SWIFT_STANDARD_LIBRARIES = YES;
				CODE_SIGN_STYLE = Automatic;
				CURRENT_PROJECT_VERSION = 1;
				DEVELOPMENT_TEAM = 94879TT8BU;
				GENERATE_INFOPLIST_FILE = YES;
				MARKETING_VERSION = 1.0;
				PRODUCT_BUNDLE_IDENTIFIER = com.chaewon.BlinkUITests;
				PRODUCT_NAME = "$(TARGET_NAME)";
				SWIFT_EMIT_LOC_STRINGS = NO;
				SWIFT_VERSION = 5.0;
				TARGETED_DEVICE_FAMILY = "1,2";
				TEST_TARGET_NAME = Blink;
			};
			name = Debug;
		};
		DE2A192D2B43D27400194ADA /* Release */ = {
			isa = XCBuildConfiguration;
			buildSettings = {
				ALWAYS_EMBED_SWIFT_STANDARD_LIBRARIES = YES;
				CODE_SIGN_STYLE = Automatic;
				CURRENT_PROJECT_VERSION = 1;
				DEVELOPMENT_TEAM = 94879TT8BU;
				GENERATE_INFOPLIST_FILE = YES;
				MARKETING_VERSION = 1.0;
				PRODUCT_BUNDLE_IDENTIFIER = com.chaewon.BlinkUITests;
				PRODUCT_NAME = "$(TARGET_NAME)";
				SWIFT_EMIT_LOC_STRINGS = NO;
				SWIFT_VERSION = 5.0;
				TARGETED_DEVICE_FAMILY = "1,2";
				TEST_TARGET_NAME = Blink;
			};
			name = Release;
		};
/* End XCBuildConfiguration section */

/* Begin XCConfigurationList section */
		DE2A18F62B43D27300194ADA /* Build configuration list for PBXProject "Blink" */ = {
			isa = XCConfigurationList;
			buildConfigurations = (
				DE2A19232B43D27400194ADA /* Debug */,
				DE2A19242B43D27400194ADA /* Release */,
			);
			defaultConfigurationIsVisible = 0;
			defaultConfigurationName = Release;
		};
		DE2A19252B43D27400194ADA /* Build configuration list for PBXNativeTarget "Blink" */ = {
			isa = XCConfigurationList;
			buildConfigurations = (
				DE2A19262B43D27400194ADA /* Debug */,
				DE2A19272B43D27400194ADA /* Release */,
			);
			defaultConfigurationIsVisible = 0;
			defaultConfigurationName = Release;
		};
		DE2A19282B43D27400194ADA /* Build configuration list for PBXNativeTarget "BlinkTests" */ = {
			isa = XCConfigurationList;
			buildConfigurations = (
				DE2A19292B43D27400194ADA /* Debug */,
				DE2A192A2B43D27400194ADA /* Release */,
			);
			defaultConfigurationIsVisible = 0;
			defaultConfigurationName = Release;
		};
		DE2A192B2B43D27400194ADA /* Build configuration list for PBXNativeTarget "BlinkUITests" */ = {
			isa = XCConfigurationList;
			buildConfigurations = (
				DE2A192C2B43D27400194ADA /* Debug */,
				DE2A192D2B43D27400194ADA /* Release */,
			);
			defaultConfigurationIsVisible = 0;
			defaultConfigurationName = Release;
		};
/* End XCConfigurationList section */

/* Begin XCRemoteSwiftPackageReference section */
		DE1315752B5336040023D73D /* XCRemoteSwiftPackageReference "IQKeyboardManager" */ = {
			isa = XCRemoteSwiftPackageReference;
			repositoryURL = "https://github.com/hackiftekhar/IQKeyboardManager.git";
			requirement = {
				kind = upToNextMajorVersion;
				minimumVersion = 7.0.0;
			};
		};
		DE1315A22B5401D40023D73D /* XCRemoteSwiftPackageReference "SideMenu" */ = {
			isa = XCRemoteSwiftPackageReference;
			repositoryURL = "https://github.com/jonkykong/SideMenu.git";
			requirement = {
				kind = upToNextMajorVersion;
				minimumVersion = 6.5.0;
			};
		};
		DE2A19472B44237A00194ADA /* XCRemoteSwiftPackageReference "SnapKit" */ = {
			isa = XCRemoteSwiftPackageReference;
			repositoryURL = "https://github.com/SnapKit/SnapKit.git";
			requirement = {
				kind = upToNextMajorVersion;
				minimumVersion = 5.7.0;
			};
		};
		DE8C274A2B454E4F00141F5F /* XCRemoteSwiftPackageReference "RxSwift" */ = {
			isa = XCRemoteSwiftPackageReference;
			repositoryURL = "https://github.com/ReactiveX/RxSwift.git";
			requirement = {
				kind = upToNextMajorVersion;
				minimumVersion = 6.6.0;
			};
		};
		DE8C275D2B4688CC00141F5F /* XCRemoteSwiftPackageReference "Toast-Swift" */ = {
			isa = XCRemoteSwiftPackageReference;
			repositoryURL = "https://github.com/scalessec/Toast-Swift.git";
			requirement = {
				kind = upToNextMajorVersion;
				minimumVersion = 5.0.1;
			};
		};
		DE8C27602B46A41500141F5F /* XCRemoteSwiftPackageReference "Alamofire" */ = {
			isa = XCRemoteSwiftPackageReference;
			repositoryURL = "https://github.com/Alamofire/Alamofire.git";
			requirement = {
				kind = upToNextMajorVersion;
				minimumVersion = 5.8.1;
			};
		};
/* End XCRemoteSwiftPackageReference section */

/* Begin XCSwiftPackageProductDependency section */
		DE1315762B5336040023D73D /* IQKeyboardManagerSwift */ = {
			isa = XCSwiftPackageProductDependency;
			package = DE1315752B5336040023D73D /* XCRemoteSwiftPackageReference "IQKeyboardManager" */;
			productName = IQKeyboardManagerSwift;
		};
		DE1315A32B5401D40023D73D /* SideMenu */ = {
			isa = XCSwiftPackageProductDependency;
			package = DE1315A22B5401D40023D73D /* XCRemoteSwiftPackageReference "SideMenu" */;
			productName = SideMenu;
		};
		DE2A19482B44237A00194ADA /* SnapKit */ = {
			isa = XCSwiftPackageProductDependency;
			package = DE2A19472B44237A00194ADA /* XCRemoteSwiftPackageReference "SnapKit" */;
			productName = SnapKit;
		};
		DE8C274B2B454E4F00141F5F /* RxCocoa */ = {
			isa = XCSwiftPackageProductDependency;
			package = DE8C274A2B454E4F00141F5F /* XCRemoteSwiftPackageReference "RxSwift" */;
			productName = RxCocoa;
		};
		DE8C274D2B454E4F00141F5F /* RxSwift */ = {
			isa = XCSwiftPackageProductDependency;
			package = DE8C274A2B454E4F00141F5F /* XCRemoteSwiftPackageReference "RxSwift" */;
			productName = RxSwift;
		};
		DE8C275E2B4688CC00141F5F /* Toast */ = {
			isa = XCSwiftPackageProductDependency;
			package = DE8C275D2B4688CC00141F5F /* XCRemoteSwiftPackageReference "Toast-Swift" */;
			productName = Toast;
		};
		DE8C27612B46A41500141F5F /* Alamofire */ = {
			isa = XCSwiftPackageProductDependency;
			package = DE8C27602B46A41500141F5F /* XCRemoteSwiftPackageReference "Alamofire" */;
			productName = Alamofire;
		};
/* End XCSwiftPackageProductDependency section */
	};
	rootObject = DE2A18F32B43D27300194ADA /* Project object */;
}
